{
  "object": {
    "pins": [
      {
        "package": "SwiftRichString",
        "repositoryURL": "https://github.com/malcommac/SwiftRichString",
        "state": {
          "branch": null,
          "revision": "9bf4b5af6bb4386865636fc504d6c588c2b65040",
          "version": "3.7.2"
        }
      },
      {
        "package": "SwiftyMarkdown",
        "repositoryURL": "https://github.com/SimonFairbairn/SwiftyMarkdown",
        "state": {
          "branch": null,
          "revision": "f4529f5ff96e692f7f9859197a7835babed80dc3",
          "version": "1.2.1"
        }
      },
      {
        "package": "SwiftyStoreKit",
        "repositoryURL": "https://github.com/bizz84/SwiftyStoreKit",
        "state": {
          "branch": null,
          "revision": "3b54c8eac2840b0cdd576634e83d9ebeb70f847c",
          "version": "0.16.3"
        }
      }
    ]
  },
  "version": 1
}
