{
  "object": {
    "pins": [
      {
        "package": "ASCollectionView",
        "repositoryURL": "https://github.com/apptekstudios/ASCollectionView",
        "state": {
          "branch": null,
          "revision": "91d85a3aec1bdc88fb285b3908ba036ba9d1dd09",
          "version": "1.5.0"
        }
      },
      {
        "package": "BonMot",
        "repositoryURL": "https://github.com/Rightpoint/BonMot",
        "state": {
          "branch": null,
          "revision": "76fbef6e8d2095c7dace1912aa3b79ba86ad1150",
          "version": "5.5.1"
        }
      }
    ]
  },
  "version": 1
}
