// !$*UTF8*$!
{
	archiveVersion = 1;
	classes = {
	};
	objectVersion = 52;
	objects = {

/* Begin PBXBuildFile section */
		6C1E531B243BB1360078F6FB /* AppDelegate.swift in Sources */ = {isa = PBXBuildFile; fileRef = 6C1E531A243BB1360078F6FB /* AppDelegate.swift */; };
		6C1E531D243BB1360078F6FB /* SceneDelegate.swift in Sources */ = {isa = PBXBuildFile; fileRef = 6C1E531C243BB1360078F6FB /* SceneDelegate.swift */; };
		6C1E5321243BB1360078F6FB /* Assets.xcassets in Resources */ = {isa = PBXBuildFile; fileRef = 6C1E5320243BB1360078F6FB /* Assets.xcassets */; };
		6C1E5324243BB1360078F6FB /* Preview Assets.xcassets in Resources */ = {isa = PBXBuildFile; fileRef = 6C1E5323243BB1360078F6FB /* Preview Assets.xcassets */; };
		6CC630AA243E69CF00906FD1 /* morning9.mp3 in Resources */ = {isa = PBXBuildFile; fileRef = 6CC6309D243E69CE00906FD1 /* morning9.mp3 */; };
		6CC630AB243E69CF00906FD1 /* morning2.mp3 in Resources */ = {isa = PBXBuildFile; fileRef = 6CC6309E243E69CE00906FD1 /* morning2.mp3 */; };
		6CC630AC243E69CF00906FD1 /* morning5.mp3 in Resources */ = {isa = PBXBuildFile; fileRef = 6CC6309F243E69CE00906FD1 /* morning5.mp3 */; };
		6CC630AD243E69CF00906FD1 /* morning10.mp3 in Resources */ = {isa = PBXBuildFile; fileRef = 6CC630A0243E69CE00906FD1 /* morning10.mp3 */; };
		6CC630AE243E69CF00906FD1 /* morning12.mp3 in Resources */ = {isa = PBXBuildFile; fileRef = 6CC630A1243E69CE00906FD1 /* morning12.mp3 */; };
		6CC630AF243E69CF00906FD1 /* morning13.mp3 in Resources */ = {isa = PBXBuildFile; fileRef = 6CC630A2243E69CE00906FD1 /* morning13.mp3 */; };
		6CC630B0243E69CF00906FD1 /* morning7.mp3 in Resources */ = {isa = PBXBuildFile; fileRef = 6CC630A3243E69CE00906FD1 /* morning7.mp3 */; };
		6CC630B1243E69CF00906FD1 /* morning8.mp3 in Resources */ = {isa = PBXBuildFile; fileRef = 6CC630A4243E69CE00906FD1 /* morning8.mp3 */; };
		6CC630B2243E69CF00906FD1 /* morning11.mp3 in Resources */ = {isa = PBXBuildFile; fileRef = 6CC630A5243E69CE00906FD1 /* morning11.mp3 */; };
		6CC630B3243E69CF00906FD1 /* morning3.mp3 in Resources */ = {isa = PBXBuildFile; fileRef = 6CC630A6243E69CE00906FD1 /* morning3.mp3 */; };
		6CC630B4243E69CF00906FD1 /* morning1.mp3 in Resources */ = {isa = PBXBuildFile; fileRef = 6CC630A7243E69CF00906FD1 /* morning1.mp3 */; };
		6CC630B5243E69CF00906FD1 /* morning6.mp3 in Resources */ = {isa = PBXBuildFile; fileRef = 6CC630A8243E69CF00906FD1 /* morning6.mp3 */; };
		6CC630B6243E69CF00906FD1 /* morning4.mp3 in Resources */ = {isa = PBXBuildFile; fileRef = 6CC630A9243E69CF00906FD1 /* morning4.mp3 */; };
		6CC630BA243E6F3200906FD1 /* ProgressBar.swift in Sources */ = {isa = PBXBuildFile; fileRef = 6CC630B9243E6F3200906FD1 /* ProgressBar.swift */; };
		6CC630C6243E762600906FD1 /* evening11.mp3 in Resources */ = {isa = PBXBuildFile; fileRef = 6CC630BB243E762600906FD1 /* evening11.mp3 */; };
		6CC630C7243E762600906FD1 /* evening2.mp3 in Resources */ = {isa = PBXBuildFile; fileRef = 6CC630BC243E762600906FD1 /* evening2.mp3 */; };
		6CC630C8243E762600906FD1 /* evening8.mp3 in Resources */ = {isa = PBXBuildFile; fileRef = 6CC630BD243E762600906FD1 /* evening8.mp3 */; };
		6CC630C9243E762600906FD1 /* evening5.mp3 in Resources */ = {isa = PBXBuildFile; fileRef = 6CC630BE243E762600906FD1 /* evening5.mp3 */; };
		6CC630CA243E762600906FD1 /* evening9.mp3 in Resources */ = {isa = PBXBuildFile; fileRef = 6CC630BF243E762600906FD1 /* evening9.mp3 */; };
		6CC630CB243E762600906FD1 /* evening1.mp3 in Resources */ = {isa = PBXBuildFile; fileRef = 6CC630C0243E762600906FD1 /* evening1.mp3 */; };
		6CC630CC243E762600906FD1 /* evening10.mp3 in Resources */ = {isa = PBXBuildFile; fileRef = 6CC630C1243E762600906FD1 /* evening10.mp3 */; };
		6CC630CD243E762600906FD1 /* evening3.mp3 in Resources */ = {isa = PBXBuildFile; fileRef = 6CC630C2243E762600906FD1 /* evening3.mp3 */; };
		6CC630CE243E762600906FD1 /* evening7.mp3 in Resources */ = {isa = PBXBuildFile; fileRef = 6CC630C3243E762600906FD1 /* evening7.mp3 */; };
		6CC630CF243E762600906FD1 /* evening4.mp3 in Resources */ = {isa = PBXBuildFile; fileRef = 6CC630C4243E762600906FD1 /* evening4.mp3 */; };
		6CC630D0243E762600906FD1 /* evening6.mp3 in Resources */ = {isa = PBXBuildFile; fileRef = 6CC630C5243E762600906FD1 /* evening6.mp3 */; };
		6CE17202243D0EB6007AC48B /* azkar.json in Resources */ = {isa = PBXBuildFile; fileRef = 6CE17201243D0EB6007AC48B /* azkar.json */; };
		6CE1728A243D11A1007AC48B /* Player.swift in Sources */ = {isa = PBXBuildFile; fileRef = 6CE1726C243D11A1007AC48B /* Player.swift */; };
		6CE1728E243D11CD007AC48B /* CircularProgressBar.swift in Sources */ = {isa = PBXBuildFile; fileRef = 6CE1728C243D11CD007AC48B /* CircularProgressBar.swift */; };
		6CE1728F243D11CD007AC48B /* PlayerView.swift in Sources */ = {isa = PBXBuildFile; fileRef = 6CE1728D243D11CD007AC48B /* PlayerView.swift */; };
		6CE17299243D128A007AC48B /* AudioPlayer.h in Headers */ = {isa = PBXBuildFile; fileRef = 6CE17297243D128A007AC48B /* AudioPlayer.h */; settings = {ATTRIBUTES = (Public, ); }; };
		6CE1729C243D128A007AC48B /* AudioPlayer.framework in Frameworks */ = {isa = PBXBuildFile; fileRef = 6CE17295243D128A007AC48B /* AudioPlayer.framework */; };
		6CE1729D243D128A007AC48B /* AudioPlayer.framework in Embed Frameworks */ = {isa = PBXBuildFile; fileRef = 6CE17295243D128A007AC48B /* AudioPlayer.framework */; settings = {ATTRIBUTES = (CodeSignOnCopy, RemoveHeadersOnCopy, ); }; };
		6CE172A2243D129B007AC48B /* Reachability.swift in Sources */ = {isa = PBXBuildFile; fileRef = 6CE1724F243D11A1007AC48B /* Reachability.swift */; };
		6CE172A3243D12DD007AC48B /* AudioItemQueue.swift in Sources */ = {isa = PBXBuildFile; fileRef = 6CE17251243D11A1007AC48B /* AudioItemQueue.swift */; };
		6CE172A4243D12DD007AC48B /* AudioItem.swift in Sources */ = {isa = PBXBuildFile; fileRef = 6CE17252243D11A1007AC48B /* AudioItem.swift */; };
		6CE172A5243D12E4007AC48B /* NetworkEventProducer.swift in Sources */ = {isa = PBXBuildFile; fileRef = 6CE17254243D11A1007AC48B /* NetworkEventProducer.swift */; };
		6CE172A6243D12E4007AC48B /* EventProducer.swift in Sources */ = {isa = PBXBuildFile; fileRef = 6CE17255243D11A1007AC48B /* EventProducer.swift */; };
		6CE172A7243D12E4007AC48B /* SeekEventProducer.swift in Sources */ = {isa = PBXBuildFile; fileRef = 6CE17256243D11A1007AC48B /* SeekEventProducer.swift */; };
		6CE172A8243D12E4007AC48B /* AudioItemEventProducer.swift in Sources */ = {isa = PBXBuildFile; fileRef = 6CE17257243D11A1007AC48B /* AudioItemEventProducer.swift */; };
		6CE172A9243D12E4007AC48B /* PlayerEventProducer.swift in Sources */ = {isa = PBXBuildFile; fileRef = 6CE17258243D11A1007AC48B /* PlayerEventProducer.swift */; };
		6CE172AA243D12E4007AC48B /* QualityAdjustmentEventProducer.swift in Sources */ = {isa = PBXBuildFile; fileRef = 6CE17259243D11A1007AC48B /* QualityAdjustmentEventProducer.swift */; };
		6CE172AB243D12E4007AC48B /* RetryEventProducer.swift in Sources */ = {isa = PBXBuildFile; fileRef = 6CE1725A243D11A1007AC48B /* RetryEventProducer.swift */; };
		6CE172AC243D12E9007AC48B /* AudioPlayer.swift in Sources */ = {isa = PBXBuildFile; fileRef = 6CE1725C243D11A1007AC48B /* AudioPlayer.swift */; };
		6CE172AD243D12E9007AC48B /* AudioPlayerBufferingStrategy.swift in Sources */ = {isa = PBXBuildFile; fileRef = 6CE1725D243D11A1007AC48B /* AudioPlayerBufferingStrategy.swift */; };
		6CE172AE243D12E9007AC48B /* AudioPlayerDelegate.swift in Sources */ = {isa = PBXBuildFile; fileRef = 6CE17268243D11A1007AC48B /* AudioPlayerDelegate.swift */; };
		6CE172AF243D12E9007AC48B /* AudioPlayerMode.swift in Sources */ = {isa = PBXBuildFile; fileRef = 6CE17269243D11A1007AC48B /* AudioPlayerMode.swift */; };
		6CE172B0243D12E9007AC48B /* AudioPlayerState.swift in Sources */ = {isa = PBXBuildFile; fileRef = 6CE1726A243D11A1007AC48B /* AudioPlayerState.swift */; };
		6CE172B1243D12EE007AC48B /* AudioPlayer+AudioItemEvent.swift in Sources */ = {isa = PBXBuildFile; fileRef = 6CE1725F243D11A1007AC48B /* AudioPlayer+AudioItemEvent.swift */; };
		6CE172B2243D12EE007AC48B /* AudioPlayer+SeekEvent.swift in Sources */ = {isa = PBXBuildFile; fileRef = 6CE17260243D11A1007AC48B /* AudioPlayer+SeekEvent.swift */; };
		6CE172B3243D12EE007AC48B /* AudioPlayer+RetryEvent.swift in Sources */ = {isa = PBXBuildFile; fileRef = 6CE17261243D11A1007AC48B /* AudioPlayer+RetryEvent.swift */; };
		6CE172B4243D12EE007AC48B /* AudioPlayer+PlayerEvent.swift in Sources */ = {isa = PBXBuildFile; fileRef = 6CE17262243D11A1007AC48B /* AudioPlayer+PlayerEvent.swift */; };
		6CE172B5243D12EE007AC48B /* AudioPlayer+QualityAdjustmentEvent.swift in Sources */ = {isa = PBXBuildFile; fileRef = 6CE17263243D11A1007AC48B /* AudioPlayer+QualityAdjustmentEvent.swift */; };
		6CE172B6243D12EE007AC48B /* AudioPlayer+NetworkEvent.swift in Sources */ = {isa = PBXBuildFile; fileRef = 6CE17264243D11A1007AC48B /* AudioPlayer+NetworkEvent.swift */; };
		6CE172B7243D12EE007AC48B /* AudioPlayer+Control.swift in Sources */ = {isa = PBXBuildFile; fileRef = 6CE17265243D11A1007AC48B /* AudioPlayer+Control.swift */; };
		6CE172B8243D12EE007AC48B /* AudioPlayer+CurrentItem.swift in Sources */ = {isa = PBXBuildFile; fileRef = 6CE17266243D11A1007AC48B /* AudioPlayer+CurrentItem.swift */; };
		6CE172B9243D12EE007AC48B /* AudioPlayer+Queue.swift in Sources */ = {isa = PBXBuildFile; fileRef = 6CE17267243D11A1007AC48B /* AudioPlayer+Queue.swift */; };
		6CE172BA243D12F5007AC48B /* BackgroundHandler.swift in Sources */ = {isa = PBXBuildFile; fileRef = 6CE1724B243D11A1007AC48B /* BackgroundHandler.swift */; };
		6CE172BB243D12F5007AC48B /* URL+Offline.swift in Sources */ = {isa = PBXBuildFile; fileRef = 6CE1724C243D11A1007AC48B /* URL+Offline.swift */; };
		6CE172BC243D12F5007AC48B /* MPNowPlayingInfoCenter+AudioItem.swift in Sources */ = {isa = PBXBuildFile; fileRef = 6CE1724D243D11A1007AC48B /* MPNowPlayingInfoCenter+AudioItem.swift */; };
		6CE172BD243D12F5007AC48B /* CMTime+TimeIntervalValue.swift in Sources */ = {isa = PBXBuildFile; fileRef = 6CE1724E243D11A1007AC48B /* CMTime+TimeIntervalValue.swift */; };
		6CE172BF243D1393007AC48B /* ZikrViewModel.swift in Sources */ = {isa = PBXBuildFile; fileRef = 6CE172BE243D1393007AC48B /* ZikrViewModel.swift */; };
		6CF1B4F2243BC76400C7321F /* Zikr.swift in Sources */ = {isa = PBXBuildFile; fileRef = 6CF1B4F1243BC76400C7321F /* Zikr.swift */; };
		6CF1B4F6243BCB8200C7321F /* ZikrView.swift in Sources */ = {isa = PBXBuildFile; fileRef = 6CF1B4F5243BCB8200C7321F /* ZikrView.swift */; };
		6CF1B4F9243BCC5D00C7321F /* ColorPalette.swift in Sources */ = {isa = PBXBuildFile; fileRef = 6CF1B4F8243BCC5D00C7321F /* ColorPalette.swift */; };
		6CF1B4FD243BCDA500C7321F /* NotoNaskhArabicUI-Regular.ttf in Resources */ = {isa = PBXBuildFile; fileRef = 6CF1B4FB243BCDA500C7321F /* NotoNaskhArabicUI-Regular.ttf */; };
		6CF1B4FF243BCDE000C7321F /* Font.swift in Sources */ = {isa = PBXBuildFile; fileRef = 6CF1B4FE243BCDE000C7321F /* Font.swift */; };
		9D0239152462EB360061D62D /* AzkarListView.swift in Sources */ = {isa = PBXBuildFile; fileRef = 9D0239142462EB360061D62D /* AzkarListView.swift */; };
		9D03F226245D96360024A6BC /* AppInfoViewModel.swift in Sources */ = {isa = PBXBuildFile; fileRef = 9D03F225245D96360024A6BC /* AppInfoViewModel.swift */; };
		9D03F228245D98240024A6BC /* UserDefaultsWrapper.swift in Sources */ = {isa = PBXBuildFile; fileRef = 9D03F227245D98240024A6BC /* UserDefaultsWrapper.swift */; };
		9D093388246358E9003DDCF4 /* Sequence.swift in Sources */ = {isa = PBXBuildFile; fileRef = 9D093387246358E9003DDCF4 /* Sequence.swift */; };
		9D129534245CB87A00C0F099 /* AppInfoView.swift in Sources */ = {isa = PBXBuildFile; fileRef = 9D129533245CB87A00C0F099 /* AppInfoView.swift */; };
		9D170F0F246169AE0025088D /* OrientationalLockView.swift in Sources */ = {isa = PBXBuildFile; fileRef = 9D170F0E246169AE0025088D /* OrientationalLockView.swift */; };
		9D170F202461AB8E0025088D /* ic_light@2x.png in Resources */ = {isa = PBXBuildFile; fileRef = 9D170F1D2461AB8E0025088D /* ic_light@2x.png */; };
		9D170F212461AB8E0025088D /* ic_light@3x.png in Resources */ = {isa = PBXBuildFile; fileRef = 9D170F1E2461AB8E0025088D /* ic_light@3x.png */; };
		9D170F222461AB8E0025088D /* ic_light.png in Resources */ = {isa = PBXBuildFile; fileRef = 9D170F1F2461AB8E0025088D /* ic_light.png */; };
		9D1ECBF4245FAAC9007659E5 /* PlayerViewModel.swift in Sources */ = {isa = PBXBuildFile; fileRef = 9D1ECBF3245FAAC9007659E5 /* PlayerViewModel.swift */; };
		9D1ECBF8245FB1CD007659E5 /* Damascus.ttc in Resources */ = {isa = PBXBuildFile; fileRef = 9D1ECBF7245FB1CD007659E5 /* Damascus.ttc */; };
		9D1ECBFA245FB203007659E5 /* AdobeArabic-Regular.otf in Resources */ = {isa = PBXBuildFile; fileRef = 9D1ECBF9245FB203007659E5 /* AdobeArabic-Regular.otf */; };
		9D1ECBFD245FB4E7007659E5 /* SettingsView.swift in Sources */ = {isa = PBXBuildFile; fileRef = 9D1ECBFC245FB4E7007659E5 /* SettingsView.swift */; };
		9D1ECBFF245FB4ED007659E5 /* SettingsViewModel.swift in Sources */ = {isa = PBXBuildFile; fileRef = 9D1ECBFE245FB4ED007659E5 /* SettingsViewModel.swift */; };
		9D1FAD27246B493600895C2C /* ArabicFont.swift in Sources */ = {isa = PBXBuildFile; fileRef = 9D1FAD26246B493600895C2C /* ArabicFont.swift */; };
		9D1FAD29246B494900895C2C /* Theme.swift in Sources */ = {isa = PBXBuildFile; fileRef = 9D1FAD28246B494900895C2C /* Theme.swift */; };
		9D1FAD2B246B495B00895C2C /* AppIcon.swift in Sources */ = {isa = PBXBuildFile; fileRef = 9D1FAD2A246B495B00895C2C /* AppIcon.swift */; };
		9D2CE83D2460470C00AEF730 /* ItemPickerView.swift in Sources */ = {isa = PBXBuildFile; fileRef = 9D2CE83C2460470C00AEF730 /* ItemPickerView.swift */; };
		9D2CE83F2460485000AEF730 /* CheckboxView.swift in Sources */ = {isa = PBXBuildFile; fileRef = 9D2CE83E2460485000AEF730 /* CheckboxView.swift */; };
		9D2CE84124604E4000AEF730 /* ItemPickerViewModel.swift in Sources */ = {isa = PBXBuildFile; fileRef = 9D2CE84024604E4000AEF730 /* ItemPickerViewModel.swift */; };
		9D2CE84E24608BB900AEF730 /* ic_ink.png in Resources */ = {isa = PBXBuildFile; fileRef = 9D2CE84B24608BB900AEF730 /* ic_ink.png */; };
		9D2CE84F24608BB900AEF730 /* ic_ink@2x.png in Resources */ = {isa = PBXBuildFile; fileRef = 9D2CE84C24608BB900AEF730 /* ic_ink@2x.png */; };
		9D2CE85024608BB900AEF730 /* ic_ink@3x.png in Resources */ = {isa = PBXBuildFile; fileRef = 9D2CE84D24608BB900AEF730 /* ic_ink@3x.png */; };
		9D2CE85524608BCE00AEF730 /* ic_purple.png in Resources */ = {isa = PBXBuildFile; fileRef = 9D2CE85224608BCE00AEF730 /* ic_purple.png */; };
		9D2CE85624608BCE00AEF730 /* ic_purple@2x.png in Resources */ = {isa = PBXBuildFile; fileRef = 9D2CE85324608BCE00AEF730 /* ic_purple@2x.png */; };
		9D2CE85724608BCE00AEF730 /* ic_purple@3x.png in Resources */ = {isa = PBXBuildFile; fileRef = 9D2CE85424608BCE00AEF730 /* ic_purple@3x.png */; };
		9D2CE86A24608C8600AEF730 /* ic_dark@3x.png in Resources */ = {isa = PBXBuildFile; fileRef = 9D2CE86724608C8600AEF730 /* ic_dark@3x.png */; };
		9D2CE86B24608C8600AEF730 /* ic_dark@2x.png in Resources */ = {isa = PBXBuildFile; fileRef = 9D2CE86824608C8600AEF730 /* ic_dark@2x.png */; };
		9D2CE86C24608C8600AEF730 /* ic_dark.png in Resources */ = {isa = PBXBuildFile; fileRef = 9D2CE86924608C8600AEF730 /* ic_dark.png */; };
		9D34FFBD246B2C8000A008A0 /* ContentSizeCategory.swift in Sources */ = {isa = PBXBuildFile; fileRef = 9D34FFBC246B2C8000A008A0 /* ContentSizeCategory.swift */; };
		9D34FFC6246B387800A008A0 /* EnvironmentOverridesView.swift in Sources */ = {isa = PBXBuildFile; fileRef = 9D34FFC1246B387800A008A0 /* EnvironmentOverridesView.swift */; };
		9D34FFC7246B387800A008A0 /* GeneralHelpers.swift in Sources */ = {isa = PBXBuildFile; fileRef = 9D34FFC2246B387800A008A0 /* GeneralHelpers.swift */; };
		9D354F5C2441110900748368 /* ASCollectionView in Frameworks */ = {isa = PBXBuildFile; productRef = 9D354F5B2441110900748368 /* ASCollectionView */; };
		9D3B4D6A245EF0CB00D490FE /* CollapsableSection.swift in Sources */ = {isa = PBXBuildFile; fileRef = 9D3B4D69245EF0CB00D490FE /* CollapsableSection.swift */; };
		9D4DC090246FE9610061B501 /* HadithView.swift in Sources */ = {isa = PBXBuildFile; fileRef = 9D4DC08F246FE9610061B501 /* HadithView.swift */; };
		9D4DC092246FE9690061B501 /* Hadith.swift in Sources */ = {isa = PBXBuildFile; fileRef = 9D4DC091246FE9690061B501 /* Hadith.swift */; };
		9D4DC094246FECA10061B501 /* ahadith.json in Resources */ = {isa = PBXBuildFile; fileRef = 9D4DC093246FECA10061B501 /* ahadith.json */; };
		9D4DC096246FECAD0061B501 /* HadithViewModel.swift in Sources */ = {isa = PBXBuildFile; fileRef = 9D4DC095246FECAD0061B501 /* HadithViewModel.swift */; };
		9D4DC09924703A4A0061B501 /* SwiftyMarkdown in Frameworks */ = {isa = PBXBuildFile; productRef = 9D4DC09824703A4A0061B501 /* SwiftyMarkdown */; };
		9D4DC09D24703B010061B501 /* MarkdownProcessor.swift in Sources */ = {isa = PBXBuildFile; fileRef = 9D4DC09C24703B010061B501 /* MarkdownProcessor.swift */; };
		9D628A0B24623EED00922935 /* PageView.swift in Sources */ = {isa = PBXBuildFile; fileRef = 9D628A0824623EED00922935 /* PageView.swift */; };
		9D628A0C24623EED00922935 /* PageControl.swift in Sources */ = {isa = PBXBuildFile; fileRef = 9D628A0924623EED00922935 /* PageControl.swift */; };
		9D628A0D24623EED00922935 /* PageViewController.swift in Sources */ = {isa = PBXBuildFile; fileRef = 9D628A0A24623EED00922935 /* PageViewController.swift */; };
		9D6D1EC8245C16A50060CDB5 /* Label.swift in Sources */ = {isa = PBXBuildFile; fileRef = 9D6D1EC7245C16A50060CDB5 /* Label.swift */; };
		9D6D1ECB245C18200060CDB5 /* BonMot in Frameworks */ = {isa = PBXBuildFile; productRef = 9D6D1ECA245C18200060CDB5 /* BonMot */; };
		9D6D1ECD245C254B0060CDB5 /* TextStyles.swift in Sources */ = {isa = PBXBuildFile; fileRef = 9D6D1ECC245C254B0060CDB5 /* TextStyles.swift */; };
		9D6D1ECF245C27FA0060CDB5 /* UIFont.swift in Sources */ = {isa = PBXBuildFile; fileRef = 9D6D1ECE245C27FA0060CDB5 /* UIFont.swift */; };
		9D6D1ED2245C43D10060CDB5 /* ZikrPagesViewModel.swift in Sources */ = {isa = PBXBuildFile; fileRef = 9D6D1ED1245C43D10060CDB5 /* ZikrPagesViewModel.swift */; };
		9D6DFA69245EBC910091CEF5 /* Preferences.swift in Sources */ = {isa = PBXBuildFile; fileRef = 9D6DFA68245EBC910091CEF5 /* Preferences.swift */; };
		9D6DFA70245EC0680091CEF5 /* after-salah3.mp3 in Resources */ = {isa = PBXBuildFile; fileRef = 9D6DFA6A245EC0680091CEF5 /* after-salah3.mp3 */; };
		9D6DFA71245EC0680091CEF5 /* after-salah4.mp3 in Resources */ = {isa = PBXBuildFile; fileRef = 9D6DFA6B245EC0680091CEF5 /* after-salah4.mp3 */; };
		9D6DFA72245EC0680091CEF5 /* after-salah2.mp3 in Resources */ = {isa = PBXBuildFile; fileRef = 9D6DFA6C245EC0680091CEF5 /* after-salah2.mp3 */; };
		9D6DFA73245EC0680091CEF5 /* after-salah1.mp3 in Resources */ = {isa = PBXBuildFile; fileRef = 9D6DFA6D245EC0680091CEF5 /* after-salah1.mp3 */; };
		9D6DFA74245EC0680091CEF5 /* after-salah6.mp3 in Resources */ = {isa = PBXBuildFile; fileRef = 9D6DFA6E245EC0680091CEF5 /* after-salah6.mp3 */; };
		9D6DFA75245EC0680091CEF5 /* after-salah5.mp3 in Resources */ = {isa = PBXBuildFile; fileRef = 9D6DFA6F245EC0680091CEF5 /* after-salah5.mp3 */; };
		9D6DFA8A245ED1FC0091CEF5 /* other1.mp3 in Resources */ = {isa = PBXBuildFile; fileRef = 9D6DFA76245ED1FA0091CEF5 /* other1.mp3 */; };
		9D6DFA8B245ED1FC0091CEF5 /* other13.mp3 in Resources */ = {isa = PBXBuildFile; fileRef = 9D6DFA77245ED1FA0091CEF5 /* other13.mp3 */; };
		9D6DFA8C245ED1FC0091CEF5 /* other3.mp3 in Resources */ = {isa = PBXBuildFile; fileRef = 9D6DFA78245ED1FB0091CEF5 /* other3.mp3 */; };
		9D6DFA8D245ED1FC0091CEF5 /* other15.mp3 in Resources */ = {isa = PBXBuildFile; fileRef = 9D6DFA79245ED1FB0091CEF5 /* other15.mp3 */; };
		9D6DFA8E245ED1FC0091CEF5 /* other16.mp3 in Resources */ = {isa = PBXBuildFile; fileRef = 9D6DFA7A245ED1FB0091CEF5 /* other16.mp3 */; };
		9D6DFA8F245ED1FC0091CEF5 /* other19.mp3 in Resources */ = {isa = PBXBuildFile; fileRef = 9D6DFA7B245ED1FB0091CEF5 /* other19.mp3 */; };
		9D6DFA90245ED1FC0091CEF5 /* other18.mp3 in Resources */ = {isa = PBXBuildFile; fileRef = 9D6DFA7C245ED1FB0091CEF5 /* other18.mp3 */; };
		9D6DFA91245ED1FC0091CEF5 /* other12.mp3 in Resources */ = {isa = PBXBuildFile; fileRef = 9D6DFA7D245ED1FB0091CEF5 /* other12.mp3 */; };
		9D6DFA92245ED1FC0091CEF5 /* other10.mp3 in Resources */ = {isa = PBXBuildFile; fileRef = 9D6DFA7E245ED1FB0091CEF5 /* other10.mp3 */; };
		9D6DFA93245ED1FC0091CEF5 /* other17.mp3 in Resources */ = {isa = PBXBuildFile; fileRef = 9D6DFA7F245ED1FB0091CEF5 /* other17.mp3 */; };
		9D6DFA94245ED1FC0091CEF5 /* other8.mp3 in Resources */ = {isa = PBXBuildFile; fileRef = 9D6DFA80245ED1FB0091CEF5 /* other8.mp3 */; };
		9D6DFA95245ED1FC0091CEF5 /* other5.mp3 in Resources */ = {isa = PBXBuildFile; fileRef = 9D6DFA81245ED1FB0091CEF5 /* other5.mp3 */; };
		9D6DFA96245ED1FC0091CEF5 /* other2.mp3 in Resources */ = {isa = PBXBuildFile; fileRef = 9D6DFA82245ED1FB0091CEF5 /* other2.mp3 */; };
		9D6DFA97245ED1FC0091CEF5 /* other11.mp3 in Resources */ = {isa = PBXBuildFile; fileRef = 9D6DFA83245ED1FB0091CEF5 /* other11.mp3 */; };
		9D6DFA98245ED1FC0091CEF5 /* other14.mp3 in Resources */ = {isa = PBXBuildFile; fileRef = 9D6DFA84245ED1FB0091CEF5 /* other14.mp3 */; };
		9D6DFA99245ED1FC0091CEF5 /* other20.mp3 in Resources */ = {isa = PBXBuildFile; fileRef = 9D6DFA85245ED1FB0091CEF5 /* other20.mp3 */; };
		9D6DFA9A245ED1FC0091CEF5 /* other9.mp3 in Resources */ = {isa = PBXBuildFile; fileRef = 9D6DFA86245ED1FB0091CEF5 /* other9.mp3 */; };
		9D6DFA9B245ED1FC0091CEF5 /* other7.mp3 in Resources */ = {isa = PBXBuildFile; fileRef = 9D6DFA87245ED1FC0091CEF5 /* other7.mp3 */; };
		9D6DFA9C245ED1FC0091CEF5 /* other4.mp3 in Resources */ = {isa = PBXBuildFile; fileRef = 9D6DFA88245ED1FC0091CEF5 /* other4.mp3 */; };
		9D6DFA9D245ED1FC0091CEF5 /* other6.mp3 in Resources */ = {isa = PBXBuildFile; fileRef = 9D6DFA89245ED1FC0091CEF5 /* other6.mp3 */; };
		9D8C3A0D2466BA3F00ACAAC9 /* SafariView.swift in Sources */ = {isa = PBXBuildFile; fileRef = 9D8C3A0C2466BA3F00ACAAC9 /* SafariView.swift */; };
		9D8C3A0F2467165800ACAAC9 /* Launch Screen.storyboard in Resources */ = {isa = PBXBuildFile; fileRef = 9D8C3A0E2467165800ACAAC9 /* Launch Screen.storyboard */; };
		9D8C3A112467317A00ACAAC9 /* Keys.swift in Sources */ = {isa = PBXBuildFile; fileRef = 9D8C3A102467317A00ACAAC9 /* Keys.swift */; };
		9D97E502246F3DD700CA6F9E /* ConditionalModifier.swift in Sources */ = {isa = PBXBuildFile; fileRef = 9D97E501246F3DD700CA6F9E /* ConditionalModifier.swift */; };
		9D97E504246F413800CA6F9E /* NotificationsHandler.swift in Sources */ = {isa = PBXBuildFile; fileRef = 9D97E503246F413800CA6F9E /* NotificationsHandler.swift */; };
		9DA73703244300B400869FBB /* SwiftUI-Core.swift in Sources */ = {isa = PBXBuildFile; fileRef = 9DA73702244300B400869FBB /* SwiftUI-Core.swift */; };
		9DA737072443023000869FBB /* MainMenuView.swift in Sources */ = {isa = PBXBuildFile; fileRef = 9DA737062443023000869FBB /* MainMenuView.swift */; };
		9DA737092443024E00869FBB /* MainMenuItem.swift in Sources */ = {isa = PBXBuildFile; fileRef = 9DA737082443024E00869FBB /* MainMenuItem.swift */; };
		9DA7370D2443029600869FBB /* String.swift in Sources */ = {isa = PBXBuildFile; fileRef = 9DA7370C2443029600869FBB /* String.swift */; };
		9DC9439A245B84A800DD0065 /* Scheherazade.ttf in Resources */ = {isa = PBXBuildFile; fileRef = 9DC94399245B84A700DD0065 /* Scheherazade.ttf */; };
		9DC9439D245B853300DD0065 /* KFGQPCUthmanicScriptHAFS.otf in Resources */ = {isa = PBXBuildFile; fileRef = 9DC9439C245B853300DD0065 /* KFGQPCUthmanicScriptHAFS.otf */; };
		9DD1222D245C699C00BC0AE7 /* Localizable.stringsdict in Resources */ = {isa = PBXBuildFile; fileRef = 9DD1222F245C699C00BC0AE7 /* Localizable.stringsdict */; };
		9DE122082460B40200823DDD /* BottomSheetView.swift in Sources */ = {isa = PBXBuildFile; fileRef = 9DE122072460B40200823DDD /* BottomSheetView.swift */; };
		9DE1220A2460F55B00823DDD /* LazyView.swift in Sources */ = {isa = PBXBuildFile; fileRef = 9DE122092460F55B00823DDD /* LazyView.swift */; };
		9DE67ED9246416270041484D /* UIDevice.swift in Sources */ = {isa = PBXBuildFile; fileRef = 9DE67ED8246416270041484D /* UIDevice.swift */; };
		9DE854FF243F6DA5002A8643 /* ZikrPagesView.swift in Sources */ = {isa = PBXBuildFile; fileRef = 9DE854FE243F6DA5002A8643 /* ZikrPagesView.swift */; };
		9DFF69A7245C74BF00FD8C4F /* MainMenuGroupModel.swift in Sources */ = {isa = PBXBuildFile; fileRef = 9DFF69A3245C74BF00FD8C4F /* MainMenuGroupModel.swift */; };
		9DFF69A8245C74BF00FD8C4F /* MainMenuLargeGroup.swift in Sources */ = {isa = PBXBuildFile; fileRef = 9DFF69A4245C74BF00FD8C4F /* MainMenuLargeGroup.swift */; };
		9DFF69A9245C74BF00FD8C4F /* MainMenuSmallGroup.swift in Sources */ = {isa = PBXBuildFile; fileRef = 9DFF69A5245C74BF00FD8C4F /* MainMenuSmallGroup.swift */; };
		9DFF69AC245C75FE00FD8C4F /* MainMenuViewModel.swift in Sources */ = {isa = PBXBuildFile; fileRef = 9DFF69AB245C75FE00FD8C4F /* MainMenuViewModel.swift */; };
		9DFF69AF245C8EE400FD8C4F /* Localizable.strings in Resources */ = {isa = PBXBuildFile; fileRef = 9DFF69B1245C8EE400FD8C4F /* Localizable.strings */; };
/* End PBXBuildFile section */

/* Begin PBXContainerItemProxy section */
		6CE1729A243D128A007AC48B /* PBXContainerItemProxy */ = {
			isa = PBXContainerItemProxy;
			containerPortal = 6C1E530F243BB1360078F6FB /* Project object */;
			proxyType = 1;
			remoteGlobalIDString = 6CE17294243D128A007AC48B;
			remoteInfo = AudioPlayer;
		};
/* End PBXContainerItemProxy section */

/* Begin PBXCopyFilesBuildPhase section */
		6CE172A1243D128A007AC48B /* Embed Frameworks */ = {
			isa = PBXCopyFilesBuildPhase;
			buildActionMask = 2147483647;
			dstPath = "";
			dstSubfolderSpec = 10;
			files = (
				6CE1729D243D128A007AC48B /* AudioPlayer.framework in Embed Frameworks */,
			);
			name = "Embed Frameworks";
			runOnlyForDeploymentPostprocessing = 0;
		};
/* End PBXCopyFilesBuildPhase section */

/* Begin PBXFileReference section */
		6C1E5317243BB1360078F6FB /* Azkar.app */ = {isa = PBXFileReference; explicitFileType = wrapper.application; includeInIndex = 0; path = Azkar.app; sourceTree = BUILT_PRODUCTS_DIR; };
		6C1E531A243BB1360078F6FB /* AppDelegate.swift */ = {isa = PBXFileReference; lastKnownFileType = sourcecode.swift; path = AppDelegate.swift; sourceTree = "<group>"; };
		6C1E531C243BB1360078F6FB /* SceneDelegate.swift */ = {isa = PBXFileReference; lastKnownFileType = sourcecode.swift; path = SceneDelegate.swift; sourceTree = "<group>"; };
		6C1E5320243BB1360078F6FB /* Assets.xcassets */ = {isa = PBXFileReference; lastKnownFileType = folder.assetcatalog; path = Assets.xcassets; sourceTree = "<group>"; };
		6C1E5323243BB1360078F6FB /* Preview Assets.xcassets */ = {isa = PBXFileReference; lastKnownFileType = folder.assetcatalog; path = "Preview Assets.xcassets"; sourceTree = "<group>"; };
		6C1E5328243BB1360078F6FB /* Info.plist */ = {isa = PBXFileReference; lastKnownFileType = text.plist.xml; path = Info.plist; sourceTree = "<group>"; };
		6CC6309D243E69CE00906FD1 /* morning9.mp3 */ = {isa = PBXFileReference; lastKnownFileType = audio.mp3; path = morning9.mp3; sourceTree = "<group>"; };
		6CC6309E243E69CE00906FD1 /* morning2.mp3 */ = {isa = PBXFileReference; lastKnownFileType = audio.mp3; path = morning2.mp3; sourceTree = "<group>"; };
		6CC6309F243E69CE00906FD1 /* morning5.mp3 */ = {isa = PBXFileReference; lastKnownFileType = audio.mp3; path = morning5.mp3; sourceTree = "<group>"; };
		6CC630A0243E69CE00906FD1 /* morning10.mp3 */ = {isa = PBXFileReference; lastKnownFileType = audio.mp3; path = morning10.mp3; sourceTree = "<group>"; };
		6CC630A1243E69CE00906FD1 /* morning12.mp3 */ = {isa = PBXFileReference; lastKnownFileType = audio.mp3; path = morning12.mp3; sourceTree = "<group>"; };
		6CC630A2243E69CE00906FD1 /* morning13.mp3 */ = {isa = PBXFileReference; lastKnownFileType = audio.mp3; path = morning13.mp3; sourceTree = "<group>"; };
		6CC630A3243E69CE00906FD1 /* morning7.mp3 */ = {isa = PBXFileReference; lastKnownFileType = audio.mp3; path = morning7.mp3; sourceTree = "<group>"; };
		6CC630A4243E69CE00906FD1 /* morning8.mp3 */ = {isa = PBXFileReference; lastKnownFileType = audio.mp3; path = morning8.mp3; sourceTree = "<group>"; };
		6CC630A5243E69CE00906FD1 /* morning11.mp3 */ = {isa = PBXFileReference; lastKnownFileType = audio.mp3; path = morning11.mp3; sourceTree = "<group>"; };
		6CC630A6243E69CE00906FD1 /* morning3.mp3 */ = {isa = PBXFileReference; lastKnownFileType = audio.mp3; path = morning3.mp3; sourceTree = "<group>"; };
		6CC630A7243E69CF00906FD1 /* morning1.mp3 */ = {isa = PBXFileReference; lastKnownFileType = audio.mp3; path = morning1.mp3; sourceTree = "<group>"; };
		6CC630A8243E69CF00906FD1 /* morning6.mp3 */ = {isa = PBXFileReference; lastKnownFileType = audio.mp3; path = morning6.mp3; sourceTree = "<group>"; };
		6CC630A9243E69CF00906FD1 /* morning4.mp3 */ = {isa = PBXFileReference; lastKnownFileType = audio.mp3; path = morning4.mp3; sourceTree = "<group>"; };
		6CC630B9243E6F3200906FD1 /* ProgressBar.swift */ = {isa = PBXFileReference; lastKnownFileType = sourcecode.swift; path = ProgressBar.swift; sourceTree = "<group>"; };
		6CC630BB243E762600906FD1 /* evening11.mp3 */ = {isa = PBXFileReference; lastKnownFileType = audio.mp3; path = evening11.mp3; sourceTree = "<group>"; };
		6CC630BC243E762600906FD1 /* evening2.mp3 */ = {isa = PBXFileReference; lastKnownFileType = audio.mp3; path = evening2.mp3; sourceTree = "<group>"; };
		6CC630BD243E762600906FD1 /* evening8.mp3 */ = {isa = PBXFileReference; lastKnownFileType = audio.mp3; path = evening8.mp3; sourceTree = "<group>"; };
		6CC630BE243E762600906FD1 /* evening5.mp3 */ = {isa = PBXFileReference; lastKnownFileType = audio.mp3; path = evening5.mp3; sourceTree = "<group>"; };
		6CC630BF243E762600906FD1 /* evening9.mp3 */ = {isa = PBXFileReference; lastKnownFileType = audio.mp3; path = evening9.mp3; sourceTree = "<group>"; };
		6CC630C0243E762600906FD1 /* evening1.mp3 */ = {isa = PBXFileReference; lastKnownFileType = audio.mp3; path = evening1.mp3; sourceTree = "<group>"; };
		6CC630C1243E762600906FD1 /* evening10.mp3 */ = {isa = PBXFileReference; lastKnownFileType = audio.mp3; path = evening10.mp3; sourceTree = "<group>"; };
		6CC630C2243E762600906FD1 /* evening3.mp3 */ = {isa = PBXFileReference; lastKnownFileType = audio.mp3; path = evening3.mp3; sourceTree = "<group>"; };
		6CC630C3243E762600906FD1 /* evening7.mp3 */ = {isa = PBXFileReference; lastKnownFileType = audio.mp3; path = evening7.mp3; sourceTree = "<group>"; };
		6CC630C4243E762600906FD1 /* evening4.mp3 */ = {isa = PBXFileReference; lastKnownFileType = audio.mp3; path = evening4.mp3; sourceTree = "<group>"; };
		6CC630C5243E762600906FD1 /* evening6.mp3 */ = {isa = PBXFileReference; lastKnownFileType = audio.mp3; path = evening6.mp3; sourceTree = "<group>"; };
		6CE17201243D0EB6007AC48B /* azkar.json */ = {isa = PBXFileReference; fileEncoding = 4; lastKnownFileType = text.json; path = azkar.json; sourceTree = "<group>"; };
		6CE1724B243D11A1007AC48B /* BackgroundHandler.swift */ = {isa = PBXFileReference; fileEncoding = 4; lastKnownFileType = sourcecode.swift; path = BackgroundHandler.swift; sourceTree = "<group>"; };
		6CE1724C243D11A1007AC48B /* URL+Offline.swift */ = {isa = PBXFileReference; fileEncoding = 4; lastKnownFileType = sourcecode.swift; path = "URL+Offline.swift"; sourceTree = "<group>"; };
		6CE1724D243D11A1007AC48B /* MPNowPlayingInfoCenter+AudioItem.swift */ = {isa = PBXFileReference; fileEncoding = 4; lastKnownFileType = sourcecode.swift; path = "MPNowPlayingInfoCenter+AudioItem.swift"; sourceTree = "<group>"; };
		6CE1724E243D11A1007AC48B /* CMTime+TimeIntervalValue.swift */ = {isa = PBXFileReference; fileEncoding = 4; lastKnownFileType = sourcecode.swift; path = "CMTime+TimeIntervalValue.swift"; sourceTree = "<group>"; };
		6CE1724F243D11A1007AC48B /* Reachability.swift */ = {isa = PBXFileReference; fileEncoding = 4; lastKnownFileType = sourcecode.swift; path = Reachability.swift; sourceTree = "<group>"; };
		6CE17251243D11A1007AC48B /* AudioItemQueue.swift */ = {isa = PBXFileReference; fileEncoding = 4; lastKnownFileType = sourcecode.swift; path = AudioItemQueue.swift; sourceTree = "<group>"; };
		6CE17252243D11A1007AC48B /* AudioItem.swift */ = {isa = PBXFileReference; fileEncoding = 4; lastKnownFileType = sourcecode.swift; path = AudioItem.swift; sourceTree = "<group>"; };
		6CE17254243D11A1007AC48B /* NetworkEventProducer.swift */ = {isa = PBXFileReference; fileEncoding = 4; lastKnownFileType = sourcecode.swift; path = NetworkEventProducer.swift; sourceTree = "<group>"; };
		6CE17255243D11A1007AC48B /* EventProducer.swift */ = {isa = PBXFileReference; fileEncoding = 4; lastKnownFileType = sourcecode.swift; path = EventProducer.swift; sourceTree = "<group>"; };
		6CE17256243D11A1007AC48B /* SeekEventProducer.swift */ = {isa = PBXFileReference; fileEncoding = 4; lastKnownFileType = sourcecode.swift; path = SeekEventProducer.swift; sourceTree = "<group>"; };
		6CE17257243D11A1007AC48B /* AudioItemEventProducer.swift */ = {isa = PBXFileReference; fileEncoding = 4; lastKnownFileType = sourcecode.swift; path = AudioItemEventProducer.swift; sourceTree = "<group>"; };
		6CE17258243D11A1007AC48B /* PlayerEventProducer.swift */ = {isa = PBXFileReference; fileEncoding = 4; lastKnownFileType = sourcecode.swift; path = PlayerEventProducer.swift; sourceTree = "<group>"; };
		6CE17259243D11A1007AC48B /* QualityAdjustmentEventProducer.swift */ = {isa = PBXFileReference; fileEncoding = 4; lastKnownFileType = sourcecode.swift; path = QualityAdjustmentEventProducer.swift; sourceTree = "<group>"; };
		6CE1725A243D11A1007AC48B /* RetryEventProducer.swift */ = {isa = PBXFileReference; fileEncoding = 4; lastKnownFileType = sourcecode.swift; path = RetryEventProducer.swift; sourceTree = "<group>"; };
		6CE1725C243D11A1007AC48B /* AudioPlayer.swift */ = {isa = PBXFileReference; fileEncoding = 4; lastKnownFileType = sourcecode.swift; path = AudioPlayer.swift; sourceTree = "<group>"; };
		6CE1725D243D11A1007AC48B /* AudioPlayerBufferingStrategy.swift */ = {isa = PBXFileReference; fileEncoding = 4; lastKnownFileType = sourcecode.swift; path = AudioPlayerBufferingStrategy.swift; sourceTree = "<group>"; };
		6CE1725F243D11A1007AC48B /* AudioPlayer+AudioItemEvent.swift */ = {isa = PBXFileReference; fileEncoding = 4; lastKnownFileType = sourcecode.swift; path = "AudioPlayer+AudioItemEvent.swift"; sourceTree = "<group>"; };
		6CE17260243D11A1007AC48B /* AudioPlayer+SeekEvent.swift */ = {isa = PBXFileReference; fileEncoding = 4; lastKnownFileType = sourcecode.swift; path = "AudioPlayer+SeekEvent.swift"; sourceTree = "<group>"; };
		6CE17261243D11A1007AC48B /* AudioPlayer+RetryEvent.swift */ = {isa = PBXFileReference; fileEncoding = 4; lastKnownFileType = sourcecode.swift; path = "AudioPlayer+RetryEvent.swift"; sourceTree = "<group>"; };
		6CE17262243D11A1007AC48B /* AudioPlayer+PlayerEvent.swift */ = {isa = PBXFileReference; fileEncoding = 4; lastKnownFileType = sourcecode.swift; path = "AudioPlayer+PlayerEvent.swift"; sourceTree = "<group>"; };
		6CE17263243D11A1007AC48B /* AudioPlayer+QualityAdjustmentEvent.swift */ = {isa = PBXFileReference; fileEncoding = 4; lastKnownFileType = sourcecode.swift; path = "AudioPlayer+QualityAdjustmentEvent.swift"; sourceTree = "<group>"; };
		6CE17264243D11A1007AC48B /* AudioPlayer+NetworkEvent.swift */ = {isa = PBXFileReference; fileEncoding = 4; lastKnownFileType = sourcecode.swift; path = "AudioPlayer+NetworkEvent.swift"; sourceTree = "<group>"; };
		6CE17265243D11A1007AC48B /* AudioPlayer+Control.swift */ = {isa = PBXFileReference; fileEncoding = 4; lastKnownFileType = sourcecode.swift; path = "AudioPlayer+Control.swift"; sourceTree = "<group>"; };
		6CE17266243D11A1007AC48B /* AudioPlayer+CurrentItem.swift */ = {isa = PBXFileReference; fileEncoding = 4; lastKnownFileType = sourcecode.swift; path = "AudioPlayer+CurrentItem.swift"; sourceTree = "<group>"; };
		6CE17267243D11A1007AC48B /* AudioPlayer+Queue.swift */ = {isa = PBXFileReference; fileEncoding = 4; lastKnownFileType = sourcecode.swift; path = "AudioPlayer+Queue.swift"; sourceTree = "<group>"; };
		6CE17268243D11A1007AC48B /* AudioPlayerDelegate.swift */ = {isa = PBXFileReference; fileEncoding = 4; lastKnownFileType = sourcecode.swift; path = AudioPlayerDelegate.swift; sourceTree = "<group>"; };
		6CE17269243D11A1007AC48B /* AudioPlayerMode.swift */ = {isa = PBXFileReference; fileEncoding = 4; lastKnownFileType = sourcecode.swift; path = AudioPlayerMode.swift; sourceTree = "<group>"; };
		6CE1726A243D11A1007AC48B /* AudioPlayerState.swift */ = {isa = PBXFileReference; fileEncoding = 4; lastKnownFileType = sourcecode.swift; path = AudioPlayerState.swift; sourceTree = "<group>"; };
		6CE1726C243D11A1007AC48B /* Player.swift */ = {isa = PBXFileReference; fileEncoding = 4; lastKnownFileType = sourcecode.swift; path = Player.swift; sourceTree = "<group>"; };
		6CE1728C243D11CD007AC48B /* CircularProgressBar.swift */ = {isa = PBXFileReference; fileEncoding = 4; lastKnownFileType = sourcecode.swift; path = CircularProgressBar.swift; sourceTree = "<group>"; };
		6CE1728D243D11CD007AC48B /* PlayerView.swift */ = {isa = PBXFileReference; fileEncoding = 4; lastKnownFileType = sourcecode.swift; path = PlayerView.swift; sourceTree = "<group>"; };
		6CE17295243D128A007AC48B /* AudioPlayer.framework */ = {isa = PBXFileReference; explicitFileType = wrapper.framework; includeInIndex = 0; path = AudioPlayer.framework; sourceTree = BUILT_PRODUCTS_DIR; };
		6CE17297243D128A007AC48B /* AudioPlayer.h */ = {isa = PBXFileReference; lastKnownFileType = sourcecode.c.h; path = AudioPlayer.h; sourceTree = "<group>"; };
		6CE17298243D128A007AC48B /* Info.plist */ = {isa = PBXFileReference; lastKnownFileType = text.plist.xml; path = Info.plist; sourceTree = "<group>"; };
		6CE172BE243D1393007AC48B /* ZikrViewModel.swift */ = {isa = PBXFileReference; lastKnownFileType = sourcecode.swift; path = ZikrViewModel.swift; sourceTree = "<group>"; };
		6CF1B4F1243BC76400C7321F /* Zikr.swift */ = {isa = PBXFileReference; lastKnownFileType = sourcecode.swift; path = Zikr.swift; sourceTree = "<group>"; };
		6CF1B4F5243BCB8200C7321F /* ZikrView.swift */ = {isa = PBXFileReference; lastKnownFileType = sourcecode.swift; path = ZikrView.swift; sourceTree = "<group>"; };
		6CF1B4F8243BCC5D00C7321F /* ColorPalette.swift */ = {isa = PBXFileReference; lastKnownFileType = sourcecode.swift; path = ColorPalette.swift; sourceTree = "<group>"; };
		6CF1B4FB243BCDA500C7321F /* NotoNaskhArabicUI-Regular.ttf */ = {isa = PBXFileReference; lastKnownFileType = file; path = "NotoNaskhArabicUI-Regular.ttf"; sourceTree = "<group>"; };
		6CF1B4FE243BCDE000C7321F /* Font.swift */ = {isa = PBXFileReference; lastKnownFileType = sourcecode.swift; path = Font.swift; sourceTree = "<group>"; };
		9D0239142462EB360061D62D /* AzkarListView.swift */ = {isa = PBXFileReference; lastKnownFileType = sourcecode.swift; path = AzkarListView.swift; sourceTree = "<group>"; };
		9D03F225245D96360024A6BC /* AppInfoViewModel.swift */ = {isa = PBXFileReference; lastKnownFileType = sourcecode.swift; path = AppInfoViewModel.swift; sourceTree = "<group>"; };
		9D03F227245D98240024A6BC /* UserDefaultsWrapper.swift */ = {isa = PBXFileReference; lastKnownFileType = sourcecode.swift; path = UserDefaultsWrapper.swift; sourceTree = "<group>"; };
		9D093387246358E9003DDCF4 /* Sequence.swift */ = {isa = PBXFileReference; lastKnownFileType = sourcecode.swift; path = Sequence.swift; sourceTree = "<group>"; };
		9D129533245CB87A00C0F099 /* AppInfoView.swift */ = {isa = PBXFileReference; lastKnownFileType = sourcecode.swift; path = AppInfoView.swift; sourceTree = "<group>"; };
		9D170F0E246169AE0025088D /* OrientationalLockView.swift */ = {isa = PBXFileReference; lastKnownFileType = sourcecode.swift; path = OrientationalLockView.swift; sourceTree = "<group>"; };
		9D170F1024616EB00025088D /* Azkar.entitlements */ = {isa = PBXFileReference; lastKnownFileType = text.plist.entitlements; path = Azkar.entitlements; sourceTree = "<group>"; };
		9D170F1D2461AB8E0025088D /* ic_light@2x.png */ = {isa = PBXFileReference; lastKnownFileType = image.png; path = "ic_light@2x.png"; sourceTree = "<group>"; };
		9D170F1E2461AB8E0025088D /* ic_light@3x.png */ = {isa = PBXFileReference; lastKnownFileType = image.png; path = "ic_light@3x.png"; sourceTree = "<group>"; };
		9D170F1F2461AB8E0025088D /* ic_light.png */ = {isa = PBXFileReference; lastKnownFileType = image.png; path = ic_light.png; sourceTree = "<group>"; };
		9D1ECBF3245FAAC9007659E5 /* PlayerViewModel.swift */ = {isa = PBXFileReference; lastKnownFileType = sourcecode.swift; path = PlayerViewModel.swift; sourceTree = "<group>"; };
		9D1ECBF7245FB1CD007659E5 /* Damascus.ttc */ = {isa = PBXFileReference; lastKnownFileType = file; path = Damascus.ttc; sourceTree = "<group>"; };
		9D1ECBF9245FB203007659E5 /* AdobeArabic-Regular.otf */ = {isa = PBXFileReference; lastKnownFileType = file; path = "AdobeArabic-Regular.otf"; sourceTree = "<group>"; };
		9D1ECBFC245FB4E7007659E5 /* SettingsView.swift */ = {isa = PBXFileReference; lastKnownFileType = sourcecode.swift; path = SettingsView.swift; sourceTree = "<group>"; };
		9D1ECBFE245FB4ED007659E5 /* SettingsViewModel.swift */ = {isa = PBXFileReference; lastKnownFileType = sourcecode.swift; path = SettingsViewModel.swift; sourceTree = "<group>"; };
		9D1FAD26246B493600895C2C /* ArabicFont.swift */ = {isa = PBXFileReference; lastKnownFileType = sourcecode.swift; path = ArabicFont.swift; sourceTree = "<group>"; };
		9D1FAD28246B494900895C2C /* Theme.swift */ = {isa = PBXFileReference; lastKnownFileType = sourcecode.swift; path = Theme.swift; sourceTree = "<group>"; };
		9D1FAD2A246B495B00895C2C /* AppIcon.swift */ = {isa = PBXFileReference; lastKnownFileType = sourcecode.swift; path = AppIcon.swift; sourceTree = "<group>"; };
		9D2CE83C2460470C00AEF730 /* ItemPickerView.swift */ = {isa = PBXFileReference; lastKnownFileType = sourcecode.swift; path = ItemPickerView.swift; sourceTree = "<group>"; };
		9D2CE83E2460485000AEF730 /* CheckboxView.swift */ = {isa = PBXFileReference; lastKnownFileType = sourcecode.swift; path = CheckboxView.swift; sourceTree = "<group>"; };
		9D2CE84024604E4000AEF730 /* ItemPickerViewModel.swift */ = {isa = PBXFileReference; lastKnownFileType = sourcecode.swift; path = ItemPickerViewModel.swift; sourceTree = "<group>"; };
		9D2CE84B24608BB900AEF730 /* ic_ink.png */ = {isa = PBXFileReference; lastKnownFileType = image.png; path = ic_ink.png; sourceTree = "<group>"; };
		9D2CE84C24608BB900AEF730 /* ic_ink@2x.png */ = {isa = PBXFileReference; lastKnownFileType = image.png; path = "ic_ink@2x.png"; sourceTree = "<group>"; };
		9D2CE84D24608BB900AEF730 /* ic_ink@3x.png */ = {isa = PBXFileReference; lastKnownFileType = image.png; path = "ic_ink@3x.png"; sourceTree = "<group>"; };
		9D2CE85224608BCE00AEF730 /* ic_purple.png */ = {isa = PBXFileReference; lastKnownFileType = image.png; path = ic_purple.png; sourceTree = "<group>"; };
		9D2CE85324608BCE00AEF730 /* ic_purple@2x.png */ = {isa = PBXFileReference; lastKnownFileType = image.png; path = "ic_purple@2x.png"; sourceTree = "<group>"; };
		9D2CE85424608BCE00AEF730 /* ic_purple@3x.png */ = {isa = PBXFileReference; lastKnownFileType = image.png; path = "ic_purple@3x.png"; sourceTree = "<group>"; };
		9D2CE86724608C8600AEF730 /* ic_dark@3x.png */ = {isa = PBXFileReference; lastKnownFileType = image.png; path = "ic_dark@3x.png"; sourceTree = "<group>"; };
		9D2CE86824608C8600AEF730 /* ic_dark@2x.png */ = {isa = PBXFileReference; lastKnownFileType = image.png; path = "ic_dark@2x.png"; sourceTree = "<group>"; };
		9D2CE86924608C8600AEF730 /* ic_dark.png */ = {isa = PBXFileReference; lastKnownFileType = image.png; path = ic_dark.png; sourceTree = "<group>"; };
		9D34FFBC246B2C8000A008A0 /* ContentSizeCategory.swift */ = {isa = PBXFileReference; lastKnownFileType = sourcecode.swift; path = ContentSizeCategory.swift; sourceTree = "<group>"; };
		9D34FFC1246B387800A008A0 /* EnvironmentOverridesView.swift */ = {isa = PBXFileReference; fileEncoding = 4; lastKnownFileType = sourcecode.swift; path = EnvironmentOverridesView.swift; sourceTree = "<group>"; };
		9D34FFC2246B387800A008A0 /* GeneralHelpers.swift */ = {isa = PBXFileReference; fileEncoding = 4; lastKnownFileType = sourcecode.swift; path = GeneralHelpers.swift; sourceTree = "<group>"; };
		9D3B4D69245EF0CB00D490FE /* CollapsableSection.swift */ = {isa = PBXFileReference; lastKnownFileType = sourcecode.swift; path = CollapsableSection.swift; sourceTree = "<group>"; };
		9D4DC08F246FE9610061B501 /* HadithView.swift */ = {isa = PBXFileReference; lastKnownFileType = sourcecode.swift; path = HadithView.swift; sourceTree = "<group>"; };
		9D4DC091246FE9690061B501 /* Hadith.swift */ = {isa = PBXFileReference; lastKnownFileType = sourcecode.swift; path = Hadith.swift; sourceTree = "<group>"; };
		9D4DC093246FECA10061B501 /* ahadith.json */ = {isa = PBXFileReference; fileEncoding = 4; lastKnownFileType = text.json; path = ahadith.json; sourceTree = "<group>"; };
		9D4DC095246FECAD0061B501 /* HadithViewModel.swift */ = {isa = PBXFileReference; lastKnownFileType = sourcecode.swift; path = HadithViewModel.swift; sourceTree = "<group>"; };
		9D4DC09C24703B010061B501 /* MarkdownProcessor.swift */ = {isa = PBXFileReference; lastKnownFileType = sourcecode.swift; path = MarkdownProcessor.swift; sourceTree = "<group>"; };
		9D628A0824623EED00922935 /* PageView.swift */ = {isa = PBXFileReference; fileEncoding = 4; lastKnownFileType = sourcecode.swift; path = PageView.swift; sourceTree = "<group>"; };
		9D628A0924623EED00922935 /* PageControl.swift */ = {isa = PBXFileReference; fileEncoding = 4; lastKnownFileType = sourcecode.swift; path = PageControl.swift; sourceTree = "<group>"; };
		9D628A0A24623EED00922935 /* PageViewController.swift */ = {isa = PBXFileReference; fileEncoding = 4; lastKnownFileType = sourcecode.swift; path = PageViewController.swift; sourceTree = "<group>"; };
		9D6D1EC7245C16A50060CDB5 /* Label.swift */ = {isa = PBXFileReference; lastKnownFileType = sourcecode.swift; path = Label.swift; sourceTree = "<group>"; };
		9D6D1ECC245C254B0060CDB5 /* TextStyles.swift */ = {isa = PBXFileReference; lastKnownFileType = sourcecode.swift; path = TextStyles.swift; sourceTree = "<group>"; };
		9D6D1ECE245C27FA0060CDB5 /* UIFont.swift */ = {isa = PBXFileReference; fileEncoding = 4; lastKnownFileType = sourcecode.swift; path = UIFont.swift; sourceTree = "<group>"; };
		9D6D1ED1245C43D10060CDB5 /* ZikrPagesViewModel.swift */ = {isa = PBXFileReference; lastKnownFileType = sourcecode.swift; path = ZikrPagesViewModel.swift; sourceTree = "<group>"; };
		9D6DFA68245EBC910091CEF5 /* Preferences.swift */ = {isa = PBXFileReference; lastKnownFileType = sourcecode.swift; path = Preferences.swift; sourceTree = "<group>"; };
		9D6DFA6A245EC0680091CEF5 /* after-salah3.mp3 */ = {isa = PBXFileReference; lastKnownFileType = audio.mp3; path = "after-salah3.mp3"; sourceTree = "<group>"; };
		9D6DFA6B245EC0680091CEF5 /* after-salah4.mp3 */ = {isa = PBXFileReference; lastKnownFileType = audio.mp3; path = "after-salah4.mp3"; sourceTree = "<group>"; };
		9D6DFA6C245EC0680091CEF5 /* after-salah2.mp3 */ = {isa = PBXFileReference; lastKnownFileType = audio.mp3; path = "after-salah2.mp3"; sourceTree = "<group>"; };
		9D6DFA6D245EC0680091CEF5 /* after-salah1.mp3 */ = {isa = PBXFileReference; lastKnownFileType = audio.mp3; path = "after-salah1.mp3"; sourceTree = "<group>"; };
		9D6DFA6E245EC0680091CEF5 /* after-salah6.mp3 */ = {isa = PBXFileReference; lastKnownFileType = audio.mp3; path = "after-salah6.mp3"; sourceTree = "<group>"; };
		9D6DFA6F245EC0680091CEF5 /* after-salah5.mp3 */ = {isa = PBXFileReference; lastKnownFileType = audio.mp3; path = "after-salah5.mp3"; sourceTree = "<group>"; };
		9D6DFA76245ED1FA0091CEF5 /* other1.mp3 */ = {isa = PBXFileReference; lastKnownFileType = audio.mp3; path = other1.mp3; sourceTree = "<group>"; };
		9D6DFA77245ED1FA0091CEF5 /* other13.mp3 */ = {isa = PBXFileReference; lastKnownFileType = audio.mp3; path = other13.mp3; sourceTree = "<group>"; };
		9D6DFA78245ED1FB0091CEF5 /* other3.mp3 */ = {isa = PBXFileReference; lastKnownFileType = audio.mp3; path = other3.mp3; sourceTree = "<group>"; };
		9D6DFA79245ED1FB0091CEF5 /* other15.mp3 */ = {isa = PBXFileReference; lastKnownFileType = audio.mp3; path = other15.mp3; sourceTree = "<group>"; };
		9D6DFA7A245ED1FB0091CEF5 /* other16.mp3 */ = {isa = PBXFileReference; lastKnownFileType = audio.mp3; path = other16.mp3; sourceTree = "<group>"; };
		9D6DFA7B245ED1FB0091CEF5 /* other19.mp3 */ = {isa = PBXFileReference; lastKnownFileType = audio.mp3; path = other19.mp3; sourceTree = "<group>"; };
		9D6DFA7C245ED1FB0091CEF5 /* other18.mp3 */ = {isa = PBXFileReference; lastKnownFileType = audio.mp3; path = other18.mp3; sourceTree = "<group>"; };
		9D6DFA7D245ED1FB0091CEF5 /* other12.mp3 */ = {isa = PBXFileReference; lastKnownFileType = audio.mp3; path = other12.mp3; sourceTree = "<group>"; };
		9D6DFA7E245ED1FB0091CEF5 /* other10.mp3 */ = {isa = PBXFileReference; lastKnownFileType = audio.mp3; path = other10.mp3; sourceTree = "<group>"; };
		9D6DFA7F245ED1FB0091CEF5 /* other17.mp3 */ = {isa = PBXFileReference; lastKnownFileType = audio.mp3; path = other17.mp3; sourceTree = "<group>"; };
		9D6DFA80245ED1FB0091CEF5 /* other8.mp3 */ = {isa = PBXFileReference; lastKnownFileType = audio.mp3; path = other8.mp3; sourceTree = "<group>"; };
		9D6DFA81245ED1FB0091CEF5 /* other5.mp3 */ = {isa = PBXFileReference; lastKnownFileType = audio.mp3; path = other5.mp3; sourceTree = "<group>"; };
		9D6DFA82245ED1FB0091CEF5 /* other2.mp3 */ = {isa = PBXFileReference; lastKnownFileType = audio.mp3; path = other2.mp3; sourceTree = "<group>"; };
		9D6DFA83245ED1FB0091CEF5 /* other11.mp3 */ = {isa = PBXFileReference; lastKnownFileType = audio.mp3; path = other11.mp3; sourceTree = "<group>"; };
		9D6DFA84245ED1FB0091CEF5 /* other14.mp3 */ = {isa = PBXFileReference; lastKnownFileType = audio.mp3; path = other14.mp3; sourceTree = "<group>"; };
		9D6DFA85245ED1FB0091CEF5 /* other20.mp3 */ = {isa = PBXFileReference; lastKnownFileType = audio.mp3; path = other20.mp3; sourceTree = "<group>"; };
		9D6DFA86245ED1FB0091CEF5 /* other9.mp3 */ = {isa = PBXFileReference; lastKnownFileType = audio.mp3; path = other9.mp3; sourceTree = "<group>"; };
		9D6DFA87245ED1FC0091CEF5 /* other7.mp3 */ = {isa = PBXFileReference; lastKnownFileType = audio.mp3; path = other7.mp3; sourceTree = "<group>"; };
		9D6DFA88245ED1FC0091CEF5 /* other4.mp3 */ = {isa = PBXFileReference; lastKnownFileType = audio.mp3; path = other4.mp3; sourceTree = "<group>"; };
		9D6DFA89245ED1FC0091CEF5 /* other6.mp3 */ = {isa = PBXFileReference; lastKnownFileType = audio.mp3; path = other6.mp3; sourceTree = "<group>"; };
		9D8C3A0C2466BA3F00ACAAC9 /* SafariView.swift */ = {isa = PBXFileReference; lastKnownFileType = sourcecode.swift; path = SafariView.swift; sourceTree = "<group>"; };
		9D8C3A0E2467165800ACAAC9 /* Launch Screen.storyboard */ = {isa = PBXFileReference; lastKnownFileType = file.storyboard; path = "Launch Screen.storyboard"; sourceTree = "<group>"; };
		9D8C3A102467317A00ACAAC9 /* Keys.swift */ = {isa = PBXFileReference; lastKnownFileType = sourcecode.swift; path = Keys.swift; sourceTree = "<group>"; };
		9D97E501246F3DD700CA6F9E /* ConditionalModifier.swift */ = {isa = PBXFileReference; lastKnownFileType = sourcecode.swift; path = ConditionalModifier.swift; sourceTree = "<group>"; };
		9D97E503246F413800CA6F9E /* NotificationsHandler.swift */ = {isa = PBXFileReference; lastKnownFileType = sourcecode.swift; path = NotificationsHandler.swift; sourceTree = "<group>"; };
		9DA73702244300B400869FBB /* SwiftUI-Core.swift */ = {isa = PBXFileReference; lastKnownFileType = sourcecode.swift; path = "SwiftUI-Core.swift"; sourceTree = "<group>"; };
		9DA737062443023000869FBB /* MainMenuView.swift */ = {isa = PBXFileReference; lastKnownFileType = sourcecode.swift; path = MainMenuView.swift; sourceTree = "<group>"; };
		9DA737082443024E00869FBB /* MainMenuItem.swift */ = {isa = PBXFileReference; lastKnownFileType = sourcecode.swift; path = MainMenuItem.swift; sourceTree = "<group>"; };
		9DA7370C2443029600869FBB /* String.swift */ = {isa = PBXFileReference; lastKnownFileType = sourcecode.swift; path = String.swift; sourceTree = "<group>"; };
		9DC94399245B84A700DD0065 /* Scheherazade.ttf */ = {isa = PBXFileReference; lastKnownFileType = file; path = Scheherazade.ttf; sourceTree = "<group>"; };
		9DC9439C245B853300DD0065 /* KFGQPCUthmanicScriptHAFS.otf */ = {isa = PBXFileReference; lastKnownFileType = file; path = KFGQPCUthmanicScriptHAFS.otf; sourceTree = "<group>"; };
		9DD12230245C69B600BC0AE7 /* ru */ = {isa = PBXFileReference; lastKnownFileType = text.plist.stringsdict; name = ru; path = ru.lproj/Localizable.stringsdict; sourceTree = "<group>"; };
		9DE122072460B40200823DDD /* BottomSheetView.swift */ = {isa = PBXFileReference; lastKnownFileType = sourcecode.swift; path = BottomSheetView.swift; sourceTree = "<group>"; };
		9DE122092460F55B00823DDD /* LazyView.swift */ = {isa = PBXFileReference; lastKnownFileType = sourcecode.swift; path = LazyView.swift; sourceTree = "<group>"; };
		9DE67ED8246416270041484D /* UIDevice.swift */ = {isa = PBXFileReference; lastKnownFileType = sourcecode.swift; path = UIDevice.swift; sourceTree = "<group>"; };
		9DE854FE243F6DA5002A8643 /* ZikrPagesView.swift */ = {isa = PBXFileReference; lastKnownFileType = sourcecode.swift; path = ZikrPagesView.swift; sourceTree = "<group>"; };
		9DFF69A3245C74BF00FD8C4F /* MainMenuGroupModel.swift */ = {isa = PBXFileReference; fileEncoding = 4; lastKnownFileType = sourcecode.swift; path = MainMenuGroupModel.swift; sourceTree = "<group>"; };
		9DFF69A4245C74BF00FD8C4F /* MainMenuLargeGroup.swift */ = {isa = PBXFileReference; fileEncoding = 4; lastKnownFileType = sourcecode.swift; path = MainMenuLargeGroup.swift; sourceTree = "<group>"; };
		9DFF69A5245C74BF00FD8C4F /* MainMenuSmallGroup.swift */ = {isa = PBXFileReference; fileEncoding = 4; lastKnownFileType = sourcecode.swift; path = MainMenuSmallGroup.swift; sourceTree = "<group>"; };
		9DFF69AB245C75FE00FD8C4F /* MainMenuViewModel.swift */ = {isa = PBXFileReference; lastKnownFileType = sourcecode.swift; path = MainMenuViewModel.swift; sourceTree = "<group>"; };
		9DFF69B2245C8EE900FD8C4F /* ru */ = {isa = PBXFileReference; lastKnownFileType = text.plist.strings; name = ru; path = ru.lproj/Localizable.strings; sourceTree = "<group>"; };
/* End PBXFileReference section */

/* Begin PBXFrameworksBuildPhase section */
		6C1E5314243BB1360078F6FB /* Frameworks */ = {
			isa = PBXFrameworksBuildPhase;
			buildActionMask = 2147483647;
			files = (
				6CE1729C243D128A007AC48B /* AudioPlayer.framework in Frameworks */,
				9D6D1ECB245C18200060CDB5 /* BonMot in Frameworks */,
				9D354F5C2441110900748368 /* ASCollectionView in Frameworks */,
				9D4DC09924703A4A0061B501 /* SwiftyMarkdown in Frameworks */,
			);
			runOnlyForDeploymentPostprocessing = 0;
		};
		6CE17292243D128A007AC48B /* Frameworks */ = {
			isa = PBXFrameworksBuildPhase;
			buildActionMask = 2147483647;
			files = (
			);
			runOnlyForDeploymentPostprocessing = 0;
		};
/* End PBXFrameworksBuildPhase section */

/* Begin PBXGroup section */
		6C1E530E243BB1360078F6FB = {
			isa = PBXGroup;
			children = (
				6C1E5319243BB1360078F6FB /* Azkar */,
				6CE17296243D128A007AC48B /* AudioPlayer */,
				6C1E5318243BB1360078F6FB /* Products */,
			);
			sourceTree = "<group>";
		};
		6C1E5318243BB1360078F6FB /* Products */ = {
			isa = PBXGroup;
			children = (
				6C1E5317243BB1360078F6FB /* Azkar.app */,
				6CE17295243D128A007AC48B /* AudioPlayer.framework */,
			);
			name = Products;
			sourceTree = "<group>";
		};
		6C1E5319243BB1360078F6FB /* Azkar */ = {
			isa = PBXGroup;
			children = (
				6C1E531A243BB1360078F6FB /* AppDelegate.swift */,
				6C1E531C243BB1360078F6FB /* SceneDelegate.swift */,
				6CE17248243D11A1007AC48B /* Services */,
				9D6D1EC6245C169B0060CDB5 /* Library */,
				6CF1B4F0243BC75900C7321F /* Models */,
				6C1E5322243BB1360078F6FB /* Preview Content */,
				9DA737052443021B00869FBB /* Scenes */,
				6CE171FE243D0506007AC48B /* Resources */,
				6C1E5328243BB1360078F6FB /* Info.plist */,
				9D170F1024616EB00025088D /* Azkar.entitlements */,
			);
			path = Azkar;
			sourceTree = "<group>";
		};
		6C1E5322243BB1360078F6FB /* Preview Content */ = {
			isa = PBXGroup;
			children = (
				6C1E5323243BB1360078F6FB /* Preview Assets.xcassets */,
			);
			path = "Preview Content";
			sourceTree = "<group>";
		};
		6CC6309C243E69C700906FD1 /* Audios */ = {
			isa = PBXGroup;
			children = (
				9D6DFA76245ED1FA0091CEF5 /* other1.mp3 */,
				9D6DFA82245ED1FB0091CEF5 /* other2.mp3 */,
				9D6DFA78245ED1FB0091CEF5 /* other3.mp3 */,
				9D6DFA88245ED1FC0091CEF5 /* other4.mp3 */,
				9D6DFA81245ED1FB0091CEF5 /* other5.mp3 */,
				9D6DFA89245ED1FC0091CEF5 /* other6.mp3 */,
				9D6DFA87245ED1FC0091CEF5 /* other7.mp3 */,
				9D6DFA80245ED1FB0091CEF5 /* other8.mp3 */,
				9D6DFA86245ED1FB0091CEF5 /* other9.mp3 */,
				9D6DFA7E245ED1FB0091CEF5 /* other10.mp3 */,
				9D6DFA83245ED1FB0091CEF5 /* other11.mp3 */,
				9D6DFA7D245ED1FB0091CEF5 /* other12.mp3 */,
				9D6DFA77245ED1FA0091CEF5 /* other13.mp3 */,
				9D6DFA84245ED1FB0091CEF5 /* other14.mp3 */,
				9D6DFA79245ED1FB0091CEF5 /* other15.mp3 */,
				9D6DFA7A245ED1FB0091CEF5 /* other16.mp3 */,
				9D6DFA7F245ED1FB0091CEF5 /* other17.mp3 */,
				9D6DFA7C245ED1FB0091CEF5 /* other18.mp3 */,
				9D6DFA7B245ED1FB0091CEF5 /* other19.mp3 */,
				9D6DFA85245ED1FB0091CEF5 /* other20.mp3 */,
				6CC630C0243E762600906FD1 /* evening1.mp3 */,
				6CC630BC243E762600906FD1 /* evening2.mp3 */,
				6CC630C2243E762600906FD1 /* evening3.mp3 */,
				6CC630C4243E762600906FD1 /* evening4.mp3 */,
				6CC630BE243E762600906FD1 /* evening5.mp3 */,
				6CC630C5243E762600906FD1 /* evening6.mp3 */,
				6CC630C3243E762600906FD1 /* evening7.mp3 */,
				6CC630BD243E762600906FD1 /* evening8.mp3 */,
				6CC630BF243E762600906FD1 /* evening9.mp3 */,
				6CC630C1243E762600906FD1 /* evening10.mp3 */,
				6CC630BB243E762600906FD1 /* evening11.mp3 */,
				6CC630A7243E69CF00906FD1 /* morning1.mp3 */,
				6CC6309E243E69CE00906FD1 /* morning2.mp3 */,
				6CC630A6243E69CE00906FD1 /* morning3.mp3 */,
				6CC630A9243E69CF00906FD1 /* morning4.mp3 */,
				6CC6309F243E69CE00906FD1 /* morning5.mp3 */,
				6CC630A8243E69CF00906FD1 /* morning6.mp3 */,
				6CC630A3243E69CE00906FD1 /* morning7.mp3 */,
				6CC630A4243E69CE00906FD1 /* morning8.mp3 */,
				6CC6309D243E69CE00906FD1 /* morning9.mp3 */,
				6CC630A0243E69CE00906FD1 /* morning10.mp3 */,
				6CC630A5243E69CE00906FD1 /* morning11.mp3 */,
				6CC630A1243E69CE00906FD1 /* morning12.mp3 */,
				6CC630A2243E69CE00906FD1 /* morning13.mp3 */,
				9D6DFA6D245EC0680091CEF5 /* after-salah1.mp3 */,
				9D6DFA6C245EC0680091CEF5 /* after-salah2.mp3 */,
				9D6DFA6A245EC0680091CEF5 /* after-salah3.mp3 */,
				9D6DFA6B245EC0680091CEF5 /* after-salah4.mp3 */,
				9D6DFA6F245EC0680091CEF5 /* after-salah5.mp3 */,
				9D6DFA6E245EC0680091CEF5 /* after-salah6.mp3 */,
			);
			path = Audios;
			sourceTree = "<group>";
		};
		6CE171FE243D0506007AC48B /* Resources */ = {
			isa = PBXGroup;
			children = (
				9D8C3A0E2467165800ACAAC9 /* Launch Screen.storyboard */,
				9D2CE84224608B9E00AEF730 /* Alternate Icons */,
				6CC6309C243E69C700906FD1 /* Audios */,
				9DC9439B245B84AC00DD0065 /* Fonts */,
				9DFF69B1245C8EE400FD8C4F /* Localizable.strings */,
				9DD1222F245C699C00BC0AE7 /* Localizable.stringsdict */,
				9D4DC093246FECA10061B501 /* ahadith.json */,
				6CE17201243D0EB6007AC48B /* azkar.json */,
				6C1E5320243BB1360078F6FB /* Assets.xcassets */,
			);
			path = Resources;
			sourceTree = "<group>";
		};
		6CE17248243D11A1007AC48B /* Services */ = {
			isa = PBXGroup;
			children = (
				9D6DFA68245EBC910091CEF5 /* Preferences.swift */,
				6CE1726C243D11A1007AC48B /* Player.swift */,
				9D97E503246F413800CA6F9E /* NotificationsHandler.swift */,
			);
			path = Services;
			sourceTree = "<group>";
		};
		6CE1724A243D11A1007AC48B /* utils */ = {
			isa = PBXGroup;
			children = (
				6CE1724B243D11A1007AC48B /* BackgroundHandler.swift */,
				6CE1724C243D11A1007AC48B /* URL+Offline.swift */,
				6CE1724D243D11A1007AC48B /* MPNowPlayingInfoCenter+AudioItem.swift */,
				6CE1724E243D11A1007AC48B /* CMTime+TimeIntervalValue.swift */,
			);
			path = utils;
			sourceTree = "<group>";
		};
		6CE17250243D11A1007AC48B /* item */ = {
			isa = PBXGroup;
			children = (
				6CE17251243D11A1007AC48B /* AudioItemQueue.swift */,
				6CE17252243D11A1007AC48B /* AudioItem.swift */,
			);
			path = item;
			sourceTree = "<group>";
		};
		6CE17253243D11A1007AC48B /* event */ = {
			isa = PBXGroup;
			children = (
				6CE17254243D11A1007AC48B /* NetworkEventProducer.swift */,
				6CE17255243D11A1007AC48B /* EventProducer.swift */,
				6CE17256243D11A1007AC48B /* SeekEventProducer.swift */,
				6CE17257243D11A1007AC48B /* AudioItemEventProducer.swift */,
				6CE17258243D11A1007AC48B /* PlayerEventProducer.swift */,
				6CE17259243D11A1007AC48B /* QualityAdjustmentEventProducer.swift */,
				6CE1725A243D11A1007AC48B /* RetryEventProducer.swift */,
			);
			path = event;
			sourceTree = "<group>";
		};
		6CE1725B243D11A1007AC48B /* player */ = {
			isa = PBXGroup;
			children = (
				6CE1725C243D11A1007AC48B /* AudioPlayer.swift */,
				6CE1725D243D11A1007AC48B /* AudioPlayerBufferingStrategy.swift */,
				6CE1725E243D11A1007AC48B /* extensions */,
				6CE17268243D11A1007AC48B /* AudioPlayerDelegate.swift */,
				6CE17269243D11A1007AC48B /* AudioPlayerMode.swift */,
				6CE1726A243D11A1007AC48B /* AudioPlayerState.swift */,
			);
			path = player;
			sourceTree = "<group>";
		};
		6CE1725E243D11A1007AC48B /* extensions */ = {
			isa = PBXGroup;
			children = (
				6CE1725F243D11A1007AC48B /* AudioPlayer+AudioItemEvent.swift */,
				6CE17260243D11A1007AC48B /* AudioPlayer+SeekEvent.swift */,
				6CE17261243D11A1007AC48B /* AudioPlayer+RetryEvent.swift */,
				6CE17262243D11A1007AC48B /* AudioPlayer+PlayerEvent.swift */,
				6CE17263243D11A1007AC48B /* AudioPlayer+QualityAdjustmentEvent.swift */,
				6CE17264243D11A1007AC48B /* AudioPlayer+NetworkEvent.swift */,
				6CE17265243D11A1007AC48B /* AudioPlayer+Control.swift */,
				6CE17266243D11A1007AC48B /* AudioPlayer+CurrentItem.swift */,
				6CE17267243D11A1007AC48B /* AudioPlayer+Queue.swift */,
			);
			path = extensions;
			sourceTree = "<group>";
		};
		6CE1728B243D11CD007AC48B /* Custom Views */ = {
			isa = PBXGroup;
			children = (
				9D628A0724623EB400922935 /* Pager View */,
				9D1ECBF2245FAABE007659E5 /* Player View */,
				6CE1728C243D11CD007AC48B /* CircularProgressBar.swift */,
				6CC630B9243E6F3200906FD1 /* ProgressBar.swift */,
				9D6D1EC7245C16A50060CDB5 /* Label.swift */,
				9D3B4D69245EF0CB00D490FE /* CollapsableSection.swift */,
				9D2CE83E2460485000AEF730 /* CheckboxView.swift */,
				9DE122072460B40200823DDD /* BottomSheetView.swift */,
				9D170F0E246169AE0025088D /* OrientationalLockView.swift */,
				9D8C3A0C2466BA3F00ACAAC9 /* SafariView.swift */,
			);
			path = "Custom Views";
			sourceTree = "<group>";
		};
		6CE17296243D128A007AC48B /* AudioPlayer */ = {
			isa = PBXGroup;
			children = (
				6CE1724F243D11A1007AC48B /* Reachability.swift */,
				6CE17250243D11A1007AC48B /* item */,
				6CE17253243D11A1007AC48B /* event */,
				6CE1725B243D11A1007AC48B /* player */,
				6CE1724A243D11A1007AC48B /* utils */,
				6CE17297243D128A007AC48B /* AudioPlayer.h */,
				6CE17298243D128A007AC48B /* Info.plist */,
			);
			path = AudioPlayer;
			sourceTree = "<group>";
		};
		6CF1B4F0243BC75900C7321F /* Models */ = {
			isa = PBXGroup;
			children = (
				9DA737082443024E00869FBB /* MainMenuItem.swift */,
				6CF1B4F1243BC76400C7321F /* Zikr.swift */,
				9D4DC091246FE9690061B501 /* Hadith.swift */,
			);
			path = Models;
			sourceTree = "<group>";
		};
		6CF1B4F7243BCC5300C7321F /* Extensions */ = {
			isa = PBXGroup;
			children = (
				9DA73701244300A800869FBB /* SwiftUI */,
				6CF1B4F8243BCC5D00C7321F /* ColorPalette.swift */,
				6CF1B4FE243BCDE000C7321F /* Font.swift */,
				9DA7370C2443029600869FBB /* String.swift */,
				9D6D1ECE245C27FA0060CDB5 /* UIFont.swift */,
				9D093387246358E9003DDCF4 /* Sequence.swift */,
				9DE67ED8246416270041484D /* UIDevice.swift */,
				9D34FFBC246B2C8000A008A0 /* ContentSizeCategory.swift */,
			);
			path = Extensions;
			sourceTree = "<group>";
		};
		9D0239132462EB280061D62D /* Azkar List */ = {
			isa = PBXGroup;
			children = (
				9D0239142462EB360061D62D /* AzkarListView.swift */,
			);
			path = "Azkar List";
			sourceTree = "<group>";
		};
		9D129532245CB85D00C0F099 /* Info */ = {
			isa = PBXGroup;
			children = (
				9D129533245CB87A00C0F099 /* AppInfoView.swift */,
				9D03F225245D96360024A6BC /* AppInfoViewModel.swift */,
			);
			path = Info;
			sourceTree = "<group>";
		};
		9D170F1C2461AB8E0025088D /* Light */ = {
			isa = PBXGroup;
			children = (
				9D170F1D2461AB8E0025088D /* ic_light@2x.png */,
				9D170F1E2461AB8E0025088D /* ic_light@3x.png */,
				9D170F1F2461AB8E0025088D /* ic_light.png */,
			);
			path = Light;
			sourceTree = "<group>";
		};
		9D1ECBF2245FAABE007659E5 /* Player View */ = {
			isa = PBXGroup;
			children = (
				6CE1728D243D11CD007AC48B /* PlayerView.swift */,
				9D1ECBF3245FAAC9007659E5 /* PlayerViewModel.swift */,
			);
			path = "Player View";
			sourceTree = "<group>";
		};
		9D1ECBFB245FB4DA007659E5 /* Settings */ = {
			isa = PBXGroup;
			children = (
				9D1ECBFC245FB4E7007659E5 /* SettingsView.swift */,
				9D1ECBFE245FB4ED007659E5 /* SettingsViewModel.swift */,
				9D1FAD26246B493600895C2C /* ArabicFont.swift */,
				9D1FAD28246B494900895C2C /* Theme.swift */,
				9D1FAD2A246B495B00895C2C /* AppIcon.swift */,
			);
			path = Settings;
			sourceTree = "<group>";
		};
		9D2CE83B2460470200AEF730 /* Item Picker */ = {
			isa = PBXGroup;
			children = (
				9D2CE83C2460470C00AEF730 /* ItemPickerView.swift */,
				9D2CE84024604E4000AEF730 /* ItemPickerViewModel.swift */,
			);
			path = "Item Picker";
			sourceTree = "<group>";
		};
		9D2CE84224608B9E00AEF730 /* Alternate Icons */ = {
			isa = PBXGroup;
			children = (
				9D170F1C2461AB8E0025088D /* Light */,
				9D2CE86624608C8600AEF730 /* Dark */,
				9D2CE85124608BCE00AEF730 /* Purple */,
				9D2CE84A24608BB900AEF730 /* Ink */,
			);
			path = "Alternate Icons";
			sourceTree = "<group>";
		};
		9D2CE84A24608BB900AEF730 /* Ink */ = {
			isa = PBXGroup;
			children = (
				9D2CE84B24608BB900AEF730 /* ic_ink.png */,
				9D2CE84C24608BB900AEF730 /* ic_ink@2x.png */,
				9D2CE84D24608BB900AEF730 /* ic_ink@3x.png */,
			);
			path = Ink;
			sourceTree = "<group>";
		};
		9D2CE85124608BCE00AEF730 /* Purple */ = {
			isa = PBXGroup;
			children = (
				9D2CE85224608BCE00AEF730 /* ic_purple.png */,
				9D2CE85324608BCE00AEF730 /* ic_purple@2x.png */,
				9D2CE85424608BCE00AEF730 /* ic_purple@3x.png */,
			);
			path = Purple;
			sourceTree = "<group>";
		};
		9D2CE86624608C8600AEF730 /* Dark */ = {
			isa = PBXGroup;
			children = (
				9D2CE86724608C8600AEF730 /* ic_dark@3x.png */,
				9D2CE86824608C8600AEF730 /* ic_dark@2x.png */,
				9D2CE86924608C8600AEF730 /* ic_dark.png */,
			);
			path = Dark;
			sourceTree = "<group>";
		};
		9D34FFBE246B387800A008A0 /* EnvironmentOverrides */ = {
			isa = PBXGroup;
			children = (
				9D34FFC1246B387800A008A0 /* EnvironmentOverridesView.swift */,
				9D34FFC2246B387800A008A0 /* GeneralHelpers.swift */,
			);
			path = EnvironmentOverrides;
			sourceTree = "<group>";
		};
		9D4DC08B246FE64D0061B501 /* Hadith View */ = {
			isa = PBXGroup;
			children = (
				9D4DC08F246FE9610061B501 /* HadithView.swift */,
				9D4DC095246FECAD0061B501 /* HadithViewModel.swift */,
			);
			path = "Hadith View";
			sourceTree = "<group>";
		};
		9D628A0724623EB400922935 /* Pager View */ = {
			isa = PBXGroup;
			children = (
				9D628A0924623EED00922935 /* PageControl.swift */,
				9D628A0824623EED00922935 /* PageView.swift */,
				9D628A0A24623EED00922935 /* PageViewController.swift */,
			);
			path = "Pager View";
			sourceTree = "<group>";
		};
		9D6D1EC6245C169B0060CDB5 /* Library */ = {
			isa = PBXGroup;
			children = (
				9D34FFBE246B387800A008A0 /* EnvironmentOverrides */,
				6CF1B4F7243BCC5300C7321F /* Extensions */,
				6CE1728B243D11CD007AC48B /* Custom Views */,
				9D6D1ECC245C254B0060CDB5 /* TextStyles.swift */,
				9D03F227245D98240024A6BC /* UserDefaultsWrapper.swift */,
				9D8C3A102467317A00ACAAC9 /* Keys.swift */,
				9D4DC09C24703B010061B501 /* MarkdownProcessor.swift */,
			);
			path = Library;
			sourceTree = "<group>";
		};
		9D6D1ED0245C43C60060CDB5 /* Zikr Pages */ = {
			isa = PBXGroup;
			children = (
				9DE854FE243F6DA5002A8643 /* ZikrPagesView.swift */,
				9D6D1ED1245C43D10060CDB5 /* ZikrPagesViewModel.swift */,
			);
			path = "Zikr Pages";
			sourceTree = "<group>";
		};
		9D6D1ED3245C50A50060CDB5 /* Zikr View */ = {
			isa = PBXGroup;
			children = (
				6CF1B4F5243BCB8200C7321F /* ZikrView.swift */,
				6CE172BE243D1393007AC48B /* ZikrViewModel.swift */,
			);
			path = "Zikr View";
			sourceTree = "<group>";
		};
		9DA73701244300A800869FBB /* SwiftUI */ = {
			isa = PBXGroup;
			children = (
				9DA73702244300B400869FBB /* SwiftUI-Core.swift */,
				9DE122092460F55B00823DDD /* LazyView.swift */,
				9D97E501246F3DD700CA6F9E /* ConditionalModifier.swift */,
			);
			path = SwiftUI;
			sourceTree = "<group>";
		};
		9DA737042443021400869FBB /* Main Menu */ = {
			isa = PBXGroup;
			children = (
				9DA737062443023000869FBB /* MainMenuView.swift */,
				9DFF69AB245C75FE00FD8C4F /* MainMenuViewModel.swift */,
				9DFF69A4245C74BF00FD8C4F /* MainMenuLargeGroup.swift */,
				9DFF69A5245C74BF00FD8C4F /* MainMenuSmallGroup.swift */,
				9DFF69A3245C74BF00FD8C4F /* MainMenuGroupModel.swift */,
			);
			path = "Main Menu";
			sourceTree = "<group>";
		};
		9DA737052443021B00869FBB /* Scenes */ = {
			isa = PBXGroup;
			children = (
				9DA737042443021400869FBB /* Main Menu */,
				9D6D1ED0245C43C60060CDB5 /* Zikr Pages */,
				9D0239132462EB280061D62D /* Azkar List */,
				9D6D1ED3245C50A50060CDB5 /* Zikr View */,
				9D4DC08B246FE64D0061B501 /* Hadith View */,
				9D129532245CB85D00C0F099 /* Info */,
				9D1ECBFB245FB4DA007659E5 /* Settings */,
				9D2CE83B2460470200AEF730 /* Item Picker */,
			);
			path = Scenes;
			sourceTree = "<group>";
		};
		9DC9439B245B84AC00DD0065 /* Fonts */ = {
			isa = PBXGroup;
			children = (
				9D1ECBF9245FB203007659E5 /* AdobeArabic-Regular.otf */,
				9D1ECBF7245FB1CD007659E5 /* Damascus.ttc */,
				6CF1B4FB243BCDA500C7321F /* NotoNaskhArabicUI-Regular.ttf */,
				9DC94399245B84A700DD0065 /* Scheherazade.ttf */,
				9DC9439C245B853300DD0065 /* KFGQPCUthmanicScriptHAFS.otf */,
			);
			path = Fonts;
			sourceTree = "<group>";
		};
/* End PBXGroup section */

/* Begin PBXHeadersBuildPhase section */
		6CE17290243D128A007AC48B /* Headers */ = {
			isa = PBXHeadersBuildPhase;
			buildActionMask = 2147483647;
			files = (
				6CE17299243D128A007AC48B /* AudioPlayer.h in Headers */,
			);
			runOnlyForDeploymentPostprocessing = 0;
		};
/* End PBXHeadersBuildPhase section */

/* Begin PBXNativeTarget section */
		6C1E5316243BB1360078F6FB /* Azkar */ = {
			isa = PBXNativeTarget;
			buildConfigurationList = 6C1E532B243BB1360078F6FB /* Build configuration list for PBXNativeTarget "Azkar" */;
			buildPhases = (
				6C1E5313243BB1360078F6FB /* Sources */,
				6C1E5314243BB1360078F6FB /* Frameworks */,
				6C1E5315243BB1360078F6FB /* Resources */,
				6CE172A1243D128A007AC48B /* Embed Frameworks */,
			);
			buildRules = (
			);
			dependencies = (
				6CE1729B243D128A007AC48B /* PBXTargetDependency */,
			);
			name = Azkar;
			packageProductDependencies = (
				9D354F5B2441110900748368 /* ASCollectionView */,
				9D6D1ECA245C18200060CDB5 /* BonMot */,
				9D4DC09824703A4A0061B501 /* SwiftyMarkdown */,
			);
			productName = Azkar;
			productReference = 6C1E5317243BB1360078F6FB /* Azkar.app */;
			productType = "com.apple.product-type.application";
		};
		6CE17294243D128A007AC48B /* AudioPlayer */ = {
			isa = PBXNativeTarget;
			buildConfigurationList = 6CE1729E243D128A007AC48B /* Build configuration list for PBXNativeTarget "AudioPlayer" */;
			buildPhases = (
				6CE17290243D128A007AC48B /* Headers */,
				6CE17291243D128A007AC48B /* Sources */,
				6CE17292243D128A007AC48B /* Frameworks */,
				6CE17293243D128A007AC48B /* Resources */,
			);
			buildRules = (
			);
			dependencies = (
			);
			name = AudioPlayer;
			productName = AudioPlayer;
			productReference = 6CE17295243D128A007AC48B /* AudioPlayer.framework */;
			productType = "com.apple.product-type.framework";
		};
/* End PBXNativeTarget section */

/* Begin PBXProject section */
		6C1E530F243BB1360078F6FB /* Project object */ = {
			isa = PBXProject;
			attributes = {
				LastSwiftUpdateCheck = 1140;
				LastUpgradeCheck = 1140;
				ORGANIZATIONNAME = "Al Jawziyya";
				TargetAttributes = {
					6C1E5316243BB1360078F6FB = {
						CreatedOnToolsVersion = 11.4;
					};
					6CE17294243D128A007AC48B = {
						CreatedOnToolsVersion = 11.4;
					};
				};
			};
			buildConfigurationList = 6C1E5312243BB1360078F6FB /* Build configuration list for PBXProject "Azkar" */;
			compatibilityVersion = "Xcode 9.3";
			developmentRegion = ru;
			hasScannedForEncodings = 0;
			knownRegions = (
				Base,
				ru,
			);
			mainGroup = 6C1E530E243BB1360078F6FB;
			packageReferences = (
				9D354F5A2441110900748368 /* XCRemoteSwiftPackageReference "ASCollectionView" */,
				9D6D1EC9245C18200060CDB5 /* XCRemoteSwiftPackageReference "BonMot" */,
				9D4DC09724703A4A0061B501 /* XCRemoteSwiftPackageReference "SwiftyMarkdown" */,
			);
			productRefGroup = 6C1E5318243BB1360078F6FB /* Products */;
			projectDirPath = "";
			projectRoot = "";
			targets = (
				6C1E5316243BB1360078F6FB /* Azkar */,
				6CE17294243D128A007AC48B /* AudioPlayer */,
			);
		};
/* End PBXProject section */

/* Begin PBXResourcesBuildPhase section */
		6C1E5315243BB1360078F6FB /* Resources */ = {
			isa = PBXResourcesBuildPhase;
			buildActionMask = 2147483647;
			files = (
				6CC630CC243E762600906FD1 /* evening10.mp3 in Resources */,
				9D6DFA71245EC0680091CEF5 /* after-salah4.mp3 in Resources */,
				9D6DFA70245EC0680091CEF5 /* after-salah3.mp3 in Resources */,
				9D6DFA8D245ED1FC0091CEF5 /* other15.mp3 in Resources */,
				6CE17202243D0EB6007AC48B /* azkar.json in Resources */,
				6CC630B2243E69CF00906FD1 /* morning11.mp3 in Resources */,
				9D6DFA8E245ED1FC0091CEF5 /* other16.mp3 in Resources */,
				6CC630CA243E762600906FD1 /* evening9.mp3 in Resources */,
				6CC630C6243E762600906FD1 /* evening11.mp3 in Resources */,
				9D2CE85524608BCE00AEF730 /* ic_purple.png in Resources */,
				9D6DFA75245EC0680091CEF5 /* after-salah5.mp3 in Resources */,
				9D6DFA99245ED1FC0091CEF5 /* other20.mp3 in Resources */,
				9DC9439A245B84A800DD0065 /* Scheherazade.ttf in Resources */,
				6CC630AC243E69CF00906FD1 /* morning5.mp3 in Resources */,
				9D2CE85624608BCE00AEF730 /* ic_purple@2x.png in Resources */,
				6CC630B5243E69CF00906FD1 /* morning6.mp3 in Resources */,
				6CC630CB243E762600906FD1 /* evening1.mp3 in Resources */,
				6CC630B1243E69CF00906FD1 /* morning8.mp3 in Resources */,
				6CC630B4243E69CF00906FD1 /* morning1.mp3 in Resources */,
				6CC630B0243E69CF00906FD1 /* morning7.mp3 in Resources */,
				9D2CE84E24608BB900AEF730 /* ic_ink.png in Resources */,
				9D6DFA9D245ED1FC0091CEF5 /* other6.mp3 in Resources */,
				9DFF69AF245C8EE400FD8C4F /* Localizable.strings in Resources */,
				6CF1B4FD243BCDA500C7321F /* NotoNaskhArabicUI-Regular.ttf in Resources */,
				9D2CE85724608BCE00AEF730 /* ic_purple@3x.png in Resources */,
				9D2CE84F24608BB900AEF730 /* ic_ink@2x.png in Resources */,
				6CC630C8243E762600906FD1 /* evening8.mp3 in Resources */,
				9D6DFA74245EC0680091CEF5 /* after-salah6.mp3 in Resources */,
				9D6DFA9B245ED1FC0091CEF5 /* other7.mp3 in Resources */,
				6CC630D0243E762600906FD1 /* evening6.mp3 in Resources */,
				9D6DFA8C245ED1FC0091CEF5 /* other3.mp3 in Resources */,
				6CC630AE243E69CF00906FD1 /* morning12.mp3 in Resources */,
				9D1ECBFA245FB203007659E5 /* AdobeArabic-Regular.otf in Resources */,
				9D6DFA95245ED1FC0091CEF5 /* other5.mp3 in Resources */,
				9D6DFA9C245ED1FC0091CEF5 /* other4.mp3 in Resources */,
				6CC630AA243E69CF00906FD1 /* morning9.mp3 in Resources */,
				6CC630CE243E762600906FD1 /* evening7.mp3 in Resources */,
				6CC630B3243E69CF00906FD1 /* morning3.mp3 in Resources */,
				9D4DC094246FECA10061B501 /* ahadith.json in Resources */,
				9D6DFA92245ED1FC0091CEF5 /* other10.mp3 in Resources */,
				9D6DFA8F245ED1FC0091CEF5 /* other19.mp3 in Resources */,
				9D6DFA94245ED1FC0091CEF5 /* other8.mp3 in Resources */,
				9D6DFA91245ED1FC0091CEF5 /* other12.mp3 in Resources */,
				9D6DFA73245EC0680091CEF5 /* after-salah1.mp3 in Resources */,
				9D2CE85024608BB900AEF730 /* ic_ink@3x.png in Resources */,
				6CC630B6243E69CF00906FD1 /* morning4.mp3 in Resources */,
				6CC630AB243E69CF00906FD1 /* morning2.mp3 in Resources */,
				6CC630AD243E69CF00906FD1 /* morning10.mp3 in Resources */,
				9D170F222461AB8E0025088D /* ic_light.png in Resources */,
				9D2CE86B24608C8600AEF730 /* ic_dark@2x.png in Resources */,
				9D6DFA93245ED1FC0091CEF5 /* other17.mp3 in Resources */,
				9D2CE86C24608C8600AEF730 /* ic_dark.png in Resources */,
				9D6DFA97245ED1FC0091CEF5 /* other11.mp3 in Resources */,
				6CC630C7243E762600906FD1 /* evening2.mp3 in Resources */,
				9DD1222D245C699C00BC0AE7 /* Localizable.stringsdict in Resources */,
				9D6DFA72245EC0680091CEF5 /* after-salah2.mp3 in Resources */,
				9D170F202461AB8E0025088D /* ic_light@2x.png in Resources */,
				9D6DFA9A245ED1FC0091CEF5 /* other9.mp3 in Resources */,
				9D6DFA90245ED1FC0091CEF5 /* other18.mp3 in Resources */,
				6C1E5324243BB1360078F6FB /* Preview Assets.xcassets in Resources */,
				6C1E5321243BB1360078F6FB /* Assets.xcassets in Resources */,
				9D170F212461AB8E0025088D /* ic_light@3x.png in Resources */,
				9D8C3A0F2467165800ACAAC9 /* Launch Screen.storyboard in Resources */,
				6CC630AF243E69CF00906FD1 /* morning13.mp3 in Resources */,
				9D6DFA8A245ED1FC0091CEF5 /* other1.mp3 in Resources */,
				6CC630C9243E762600906FD1 /* evening5.mp3 in Resources */,
				9DC9439D245B853300DD0065 /* KFGQPCUthmanicScriptHAFS.otf in Resources */,
				9D2CE86A24608C8600AEF730 /* ic_dark@3x.png in Resources */,
				9D6DFA96245ED1FC0091CEF5 /* other2.mp3 in Resources */,
				9D6DFA8B245ED1FC0091CEF5 /* other13.mp3 in Resources */,
				6CC630CF243E762600906FD1 /* evening4.mp3 in Resources */,
				9D6DFA98245ED1FC0091CEF5 /* other14.mp3 in Resources */,
				9D1ECBF8245FB1CD007659E5 /* Damascus.ttc in Resources */,
				6CC630CD243E762600906FD1 /* evening3.mp3 in Resources */,
			);
			runOnlyForDeploymentPostprocessing = 0;
		};
		6CE17293243D128A007AC48B /* Resources */ = {
			isa = PBXResourcesBuildPhase;
			buildActionMask = 2147483647;
			files = (
			);
			runOnlyForDeploymentPostprocessing = 0;
		};
/* End PBXResourcesBuildPhase section */

/* Begin PBXSourcesBuildPhase section */
		6C1E5313243BB1360078F6FB /* Sources */ = {
			isa = PBXSourcesBuildPhase;
			buildActionMask = 2147483647;
			files = (
				9DE1220A2460F55B00823DDD /* LazyView.swift in Sources */,
				9D4DC09D24703B010061B501 /* MarkdownProcessor.swift in Sources */,
				9DA737092443024E00869FBB /* MainMenuItem.swift in Sources */,
				6CF1B4F6243BCB8200C7321F /* ZikrView.swift in Sources */,
				9DFF69AC245C75FE00FD8C4F /* MainMenuViewModel.swift in Sources */,
				9D628A0B24623EED00922935 /* PageView.swift in Sources */,
				9DA7370D2443029600869FBB /* String.swift in Sources */,
				9D34FFBD246B2C8000A008A0 /* ContentSizeCategory.swift in Sources */,
				9D6D1EC8245C16A50060CDB5 /* Label.swift in Sources */,
				9D2CE83F2460485000AEF730 /* CheckboxView.swift in Sources */,
				9D1ECBFD245FB4E7007659E5 /* SettingsView.swift in Sources */,
				9DFF69A8245C74BF00FD8C4F /* MainMenuLargeGroup.swift in Sources */,
				9D628A0C24623EED00922935 /* PageControl.swift in Sources */,
				9DE122082460B40200823DDD /* BottomSheetView.swift in Sources */,
				9D2CE83D2460470C00AEF730 /* ItemPickerView.swift in Sources */,
				9D2CE84124604E4000AEF730 /* ItemPickerViewModel.swift in Sources */,
				6CE1728F243D11CD007AC48B /* PlayerView.swift in Sources */,
				9D03F228245D98240024A6BC /* UserDefaultsWrapper.swift in Sources */,
				6CF1B4F2243BC76400C7321F /* Zikr.swift in Sources */,
				9D1FAD2B246B495B00895C2C /* AppIcon.swift in Sources */,
				9D3B4D6A245EF0CB00D490FE /* CollapsableSection.swift in Sources */,
				9DFF69A7245C74BF00FD8C4F /* MainMenuGroupModel.swift in Sources */,
				9D8C3A0D2466BA3F00ACAAC9 /* SafariView.swift in Sources */,
				9D4DC096246FECAD0061B501 /* HadithViewModel.swift in Sources */,
				9D170F0F246169AE0025088D /* OrientationalLockView.swift in Sources */,
				9D0239152462EB360061D62D /* AzkarListView.swift in Sources */,
				6CF1B4F9243BCC5D00C7321F /* ColorPalette.swift in Sources */,
				6C1E531B243BB1360078F6FB /* AppDelegate.swift in Sources */,
				6CC630BA243E6F3200906FD1 /* ProgressBar.swift in Sources */,
				9D093388246358E9003DDCF4 /* Sequence.swift in Sources */,
				9DA73703244300B400869FBB /* SwiftUI-Core.swift in Sources */,
				9D8C3A112467317A00ACAAC9 /* Keys.swift in Sources */,
				6CF1B4FF243BCDE000C7321F /* Font.swift in Sources */,
				9DE67ED9246416270041484D /* UIDevice.swift in Sources */,
				9D129534245CB87A00C0F099 /* AppInfoView.swift in Sources */,
				6CE1728A243D11A1007AC48B /* Player.swift in Sources */,
				9D1FAD29246B494900895C2C /* Theme.swift in Sources */,
				9D1ECBFF245FB4ED007659E5 /* SettingsViewModel.swift in Sources */,
				9D1FAD27246B493600895C2C /* ArabicFont.swift in Sources */,
				9D97E502246F3DD700CA6F9E /* ConditionalModifier.swift in Sources */,
				9DFF69A9245C74BF00FD8C4F /* MainMenuSmallGroup.swift in Sources */,
				9DE854FF243F6DA5002A8643 /* ZikrPagesView.swift in Sources */,
				9D1ECBF4245FAAC9007659E5 /* PlayerViewModel.swift in Sources */,
				9D4DC092246FE9690061B501 /* Hadith.swift in Sources */,
				9D97E504246F413800CA6F9E /* NotificationsHandler.swift in Sources */,
				9D628A0D24623EED00922935 /* PageViewController.swift in Sources */,
				9D34FFC6246B387800A008A0 /* EnvironmentOverridesView.swift in Sources */,
				9D6D1ECD245C254B0060CDB5 /* TextStyles.swift in Sources */,
				9DA737072443023000869FBB /* MainMenuView.swift in Sources */,
				9D6D1ED2245C43D10060CDB5 /* ZikrPagesViewModel.swift in Sources */,
				6CE172BF243D1393007AC48B /* ZikrViewModel.swift in Sources */,
				9D34FFC7246B387800A008A0 /* GeneralHelpers.swift in Sources */,
				9D6D1ECF245C27FA0060CDB5 /* UIFont.swift in Sources */,
				6C1E531D243BB1360078F6FB /* SceneDelegate.swift in Sources */,
				9D03F226245D96360024A6BC /* AppInfoViewModel.swift in Sources */,
				9D4DC090246FE9610061B501 /* HadithView.swift in Sources */,
				9D6DFA69245EBC910091CEF5 /* Preferences.swift in Sources */,
				6CE1728E243D11CD007AC48B /* CircularProgressBar.swift in Sources */,
			);
			runOnlyForDeploymentPostprocessing = 0;
		};
		6CE17291243D128A007AC48B /* Sources */ = {
			isa = PBXSourcesBuildPhase;
			buildActionMask = 2147483647;
			files = (
				6CE172B1243D12EE007AC48B /* AudioPlayer+AudioItemEvent.swift in Sources */,
				6CE172B0243D12E9007AC48B /* AudioPlayerState.swift in Sources */,
				6CE172A4243D12DD007AC48B /* AudioItem.swift in Sources */,
				6CE172B5243D12EE007AC48B /* AudioPlayer+QualityAdjustmentEvent.swift in Sources */,
				6CE172AA243D12E4007AC48B /* QualityAdjustmentEventProducer.swift in Sources */,
				6CE172AE243D12E9007AC48B /* AudioPlayerDelegate.swift in Sources */,
				6CE172AC243D12E9007AC48B /* AudioPlayer.swift in Sources */,
				6CE172BA243D12F5007AC48B /* BackgroundHandler.swift in Sources */,
				6CE172B7243D12EE007AC48B /* AudioPlayer+Control.swift in Sources */,
				6CE172AF243D12E9007AC48B /* AudioPlayerMode.swift in Sources */,
				6CE172B9243D12EE007AC48B /* AudioPlayer+Queue.swift in Sources */,
				6CE172A5243D12E4007AC48B /* NetworkEventProducer.swift in Sources */,
				6CE172AB243D12E4007AC48B /* RetryEventProducer.swift in Sources */,
				6CE172A7243D12E4007AC48B /* SeekEventProducer.swift in Sources */,
				6CE172B6243D12EE007AC48B /* AudioPlayer+NetworkEvent.swift in Sources */,
				6CE172A8243D12E4007AC48B /* AudioItemEventProducer.swift in Sources */,
				6CE172A6243D12E4007AC48B /* EventProducer.swift in Sources */,
				6CE172B8243D12EE007AC48B /* AudioPlayer+CurrentItem.swift in Sources */,
				6CE172A2243D129B007AC48B /* Reachability.swift in Sources */,
				6CE172A3243D12DD007AC48B /* AudioItemQueue.swift in Sources */,
				6CE172B2243D12EE007AC48B /* AudioPlayer+SeekEvent.swift in Sources */,
				6CE172B3243D12EE007AC48B /* AudioPlayer+RetryEvent.swift in Sources */,
				6CE172B4243D12EE007AC48B /* AudioPlayer+PlayerEvent.swift in Sources */,
				6CE172BB243D12F5007AC48B /* URL+Offline.swift in Sources */,
				6CE172BD243D12F5007AC48B /* CMTime+TimeIntervalValue.swift in Sources */,
				6CE172A9243D12E4007AC48B /* PlayerEventProducer.swift in Sources */,
				6CE172BC243D12F5007AC48B /* MPNowPlayingInfoCenter+AudioItem.swift in Sources */,
				6CE172AD243D12E9007AC48B /* AudioPlayerBufferingStrategy.swift in Sources */,
			);
			runOnlyForDeploymentPostprocessing = 0;
		};
/* End PBXSourcesBuildPhase section */

/* Begin PBXTargetDependency section */
		6CE1729B243D128A007AC48B /* PBXTargetDependency */ = {
			isa = PBXTargetDependency;
			target = 6CE17294243D128A007AC48B /* AudioPlayer */;
			targetProxy = 6CE1729A243D128A007AC48B /* PBXContainerItemProxy */;
		};
/* End PBXTargetDependency section */

/* Begin PBXVariantGroup section */
		9DD1222F245C699C00BC0AE7 /* Localizable.stringsdict */ = {
			isa = PBXVariantGroup;
			children = (
				9DD12230245C69B600BC0AE7 /* ru */,
			);
			name = Localizable.stringsdict;
			sourceTree = "<group>";
		};
		9DFF69B1245C8EE400FD8C4F /* Localizable.strings */ = {
			isa = PBXVariantGroup;
			children = (
				9DFF69B2245C8EE900FD8C4F /* ru */,
			);
			name = Localizable.strings;
			sourceTree = "<group>";
		};
/* End PBXVariantGroup section */

/* Begin XCBuildConfiguration section */
		6C1E5329243BB1360078F6FB /* Debug */ = {
			isa = XCBuildConfiguration;
			buildSettings = {
				ALWAYS_SEARCH_USER_PATHS = NO;
				CLANG_ANALYZER_LOCALIZABILITY_NONLOCALIZED = YES;
				CLANG_ANALYZER_NONNULL = YES;
				CLANG_ANALYZER_NUMBER_OBJECT_CONVERSION = YES_AGGRESSIVE;
				CLANG_CXX_LANGUAGE_STANDARD = "gnu++14";
				CLANG_CXX_LIBRARY = "libc++";
				CLANG_ENABLE_MODULES = YES;
				CLANG_ENABLE_OBJC_ARC = YES;
				CLANG_ENABLE_OBJC_WEAK = YES;
				CLANG_WARN_BLOCK_CAPTURE_AUTORELEASING = YES;
				CLANG_WARN_BOOL_CONVERSION = YES;
				CLANG_WARN_COMMA = YES;
				CLANG_WARN_CONSTANT_CONVERSION = YES;
				CLANG_WARN_DEPRECATED_OBJC_IMPLEMENTATIONS = YES;
				CLANG_WARN_DIRECT_OBJC_ISA_USAGE = YES_ERROR;
				CLANG_WARN_DOCUMENTATION_COMMENTS = YES;
				CLANG_WARN_EMPTY_BODY = YES;
				CLANG_WARN_ENUM_CONVERSION = YES;
				CLANG_WARN_INFINITE_RECURSION = YES;
				CLANG_WARN_INT_CONVERSION = YES;
				CLANG_WARN_NON_LITERAL_NULL_CONVERSION = YES;
				CLANG_WARN_OBJC_IMPLICIT_RETAIN_SELF = YES;
				CLANG_WARN_OBJC_LITERAL_CONVERSION = YES;
				CLANG_WARN_OBJC_ROOT_CLASS = YES_ERROR;
				CLANG_WARN_RANGE_LOOP_ANALYSIS = YES;
				CLANG_WARN_STRICT_PROTOTYPES = YES;
				CLANG_WARN_SUSPICIOUS_MOVE = YES;
				CLANG_WARN_UNGUARDED_AVAILABILITY = YES_AGGRESSIVE;
				CLANG_WARN_UNREACHABLE_CODE = YES;
				CLANG_WARN__DUPLICATE_METHOD_MATCH = YES;
				COPY_PHASE_STRIP = NO;
				DEBUG_INFORMATION_FORMAT = dwarf;
				ENABLE_STRICT_OBJC_MSGSEND = YES;
				ENABLE_TESTABILITY = YES;
				GCC_C_LANGUAGE_STANDARD = gnu11;
				GCC_DYNAMIC_NO_PIC = NO;
				GCC_NO_COMMON_BLOCKS = YES;
				GCC_OPTIMIZATION_LEVEL = 0;
				GCC_PREPROCESSOR_DEFINITIONS = (
					"DEBUG=1",
					"$(inherited)",
				);
				GCC_WARN_64_TO_32_BIT_CONVERSION = YES;
				GCC_WARN_ABOUT_RETURN_TYPE = YES_ERROR;
				GCC_WARN_UNDECLARED_SELECTOR = YES;
				GCC_WARN_UNINITIALIZED_AUTOS = YES_AGGRESSIVE;
				GCC_WARN_UNUSED_FUNCTION = YES;
				GCC_WARN_UNUSED_VARIABLE = YES;
				IPHONEOS_DEPLOYMENT_TARGET = 13.4;
				MTL_ENABLE_DEBUG_INFO = INCLUDE_SOURCE;
				MTL_FAST_MATH = YES;
				ONLY_ACTIVE_ARCH = YES;
				SDKROOT = iphoneos;
				SWIFT_ACTIVE_COMPILATION_CONDITIONS = DEBUG;
				SWIFT_OPTIMIZATION_LEVEL = "-Onone";
			};
			name = Debug;
		};
		6C1E532A243BB1360078F6FB /* Release */ = {
			isa = XCBuildConfiguration;
			buildSettings = {
				ALWAYS_SEARCH_USER_PATHS = NO;
				CLANG_ANALYZER_LOCALIZABILITY_NONLOCALIZED = YES;
				CLANG_ANALYZER_NONNULL = YES;
				CLANG_ANALYZER_NUMBER_OBJECT_CONVERSION = YES_AGGRESSIVE;
				CLANG_CXX_LANGUAGE_STANDARD = "gnu++14";
				CLANG_CXX_LIBRARY = "libc++";
				CLANG_ENABLE_MODULES = YES;
				CLANG_ENABLE_OBJC_ARC = YES;
				CLANG_ENABLE_OBJC_WEAK = YES;
				CLANG_WARN_BLOCK_CAPTURE_AUTORELEASING = YES;
				CLANG_WARN_BOOL_CONVERSION = YES;
				CLANG_WARN_COMMA = YES;
				CLANG_WARN_CONSTANT_CONVERSION = YES;
				CLANG_WARN_DEPRECATED_OBJC_IMPLEMENTATIONS = YES;
				CLANG_WARN_DIRECT_OBJC_ISA_USAGE = YES_ERROR;
				CLANG_WARN_DOCUMENTATION_COMMENTS = YES;
				CLANG_WARN_EMPTY_BODY = YES;
				CLANG_WARN_ENUM_CONVERSION = YES;
				CLANG_WARN_INFINITE_RECURSION = YES;
				CLANG_WARN_INT_CONVERSION = YES;
				CLANG_WARN_NON_LITERAL_NULL_CONVERSION = YES;
				CLANG_WARN_OBJC_IMPLICIT_RETAIN_SELF = YES;
				CLANG_WARN_OBJC_LITERAL_CONVERSION = YES;
				CLANG_WARN_OBJC_ROOT_CLASS = YES_ERROR;
				CLANG_WARN_RANGE_LOOP_ANALYSIS = YES;
				CLANG_WARN_STRICT_PROTOTYPES = YES;
				CLANG_WARN_SUSPICIOUS_MOVE = YES;
				CLANG_WARN_UNGUARDED_AVAILABILITY = YES_AGGRESSIVE;
				CLANG_WARN_UNREACHABLE_CODE = YES;
				CLANG_WARN__DUPLICATE_METHOD_MATCH = YES;
				COPY_PHASE_STRIP = NO;
				DEBUG_INFORMATION_FORMAT = "dwarf-with-dsym";
				ENABLE_NS_ASSERTIONS = NO;
				ENABLE_STRICT_OBJC_MSGSEND = YES;
				GCC_C_LANGUAGE_STANDARD = gnu11;
				GCC_NO_COMMON_BLOCKS = YES;
				GCC_WARN_64_TO_32_BIT_CONVERSION = YES;
				GCC_WARN_ABOUT_RETURN_TYPE = YES_ERROR;
				GCC_WARN_UNDECLARED_SELECTOR = YES;
				GCC_WARN_UNINITIALIZED_AUTOS = YES_AGGRESSIVE;
				GCC_WARN_UNUSED_FUNCTION = YES;
				GCC_WARN_UNUSED_VARIABLE = YES;
				IPHONEOS_DEPLOYMENT_TARGET = 13.4;
				MTL_ENABLE_DEBUG_INFO = NO;
				MTL_FAST_MATH = YES;
				SDKROOT = iphoneos;
				SWIFT_COMPILATION_MODE = wholemodule;
				SWIFT_OPTIMIZATION_LEVEL = "-O";
				VALIDATE_PRODUCT = YES;
			};
			name = Release;
		};
		6C1E532C243BB1360078F6FB /* Debug */ = {
			isa = XCBuildConfiguration;
			buildSettings = {
				ALWAYS_EMBED_SWIFT_STANDARD_LIBRARIES = YES;
				ASSETCATALOG_COMPILER_APPICON_NAME = AppIcon;
				CODE_SIGN_ENTITLEMENTS = Azkar/Azkar.entitlements;
				CODE_SIGN_STYLE = Automatic;
				CURRENT_PROJECT_VERSION = 10;
				DEVELOPMENT_ASSET_PATHS = "\"Azkar/Preview Content\"";
				DEVELOPMENT_TEAM = 486STKKP6Y;
				ENABLE_PREVIEWS = YES;
				INFOPLIST_FILE = Azkar/Info.plist;
				IPHONEOS_DEPLOYMENT_TARGET = 13.3;
				LD_RUNPATH_SEARCH_PATHS = (
					"$(inherited)",
					"@executable_path/Frameworks",
				);
				PRODUCT_BUNDLE_IDENTIFIER = "io.jawziyya.azkar-app";
				PRODUCT_NAME = "$(TARGET_NAME)";
				SUPPORTS_MACCATALYST = YES;
				SWIFT_VERSION = 5.0;
				TARGETED_DEVICE_FAMILY = "1,2";
			};
			name = Debug;
		};
		6C1E532D243BB1360078F6FB /* Release */ = {
			isa = XCBuildConfiguration;
			buildSettings = {
				ALWAYS_EMBED_SWIFT_STANDARD_LIBRARIES = YES;
				ASSETCATALOG_COMPILER_APPICON_NAME = AppIcon;
				CODE_SIGN_ENTITLEMENTS = Azkar/Azkar.entitlements;
				CODE_SIGN_STYLE = Automatic;
				CURRENT_PROJECT_VERSION = 10;
				DEVELOPMENT_ASSET_PATHS = "\"Azkar/Preview Content\"";
				DEVELOPMENT_TEAM = 486STKKP6Y;
				ENABLE_PREVIEWS = YES;
				INFOPLIST_FILE = Azkar/Info.plist;
				IPHONEOS_DEPLOYMENT_TARGET = 13.3;
				LD_RUNPATH_SEARCH_PATHS = (
					"$(inherited)",
					"@executable_path/Frameworks",
				);
				PRODUCT_BUNDLE_IDENTIFIER = "io.jawziyya.azkar-app";
				PRODUCT_NAME = "$(TARGET_NAME)";
				SUPPORTS_MACCATALYST = YES;
				SWIFT_VERSION = 5.0;
				TARGETED_DEVICE_FAMILY = "1,2";
			};
			name = Release;
		};
		6CE1729F243D128A007AC48B /* Debug */ = {
			isa = XCBuildConfiguration;
			buildSettings = {
				CODE_SIGN_STYLE = Automatic;
				CURRENT_PROJECT_VERSION = 1;
				DEFINES_MODULE = YES;
				DYLIB_COMPATIBILITY_VERSION = 1;
				DYLIB_CURRENT_VERSION = 1;
				DYLIB_INSTALL_NAME_BASE = "@rpath";
				INFOPLIST_FILE = AudioPlayer/Info.plist;
				INSTALL_PATH = "$(LOCAL_LIBRARY_DIR)/Frameworks";
				IPHONEOS_DEPLOYMENT_TARGET = 10.0;
				LD_RUNPATH_SEARCH_PATHS = (
					"$(inherited)",
					"@executable_path/Frameworks",
					"@loader_path/Frameworks",
				);
				PRODUCT_BUNDLE_IDENTIFIER = com.jawziyya.AudioPlayer;
				PRODUCT_NAME = "$(TARGET_NAME:c99extidentifier)";
				SKIP_INSTALL = YES;
				SWIFT_VERSION = 5.0;
				TARGETED_DEVICE_FAMILY = "1,2";
				VERSIONING_SYSTEM = "apple-generic";
				VERSION_INFO_PREFIX = "";
			};
			name = Debug;
		};
		6CE172A0243D128A007AC48B /* Release */ = {
			isa = XCBuildConfiguration;
			buildSettings = {
				CODE_SIGN_STYLE = Automatic;
				CURRENT_PROJECT_VERSION = 1;
				DEFINES_MODULE = YES;
				DYLIB_COMPATIBILITY_VERSION = 1;
				DYLIB_CURRENT_VERSION = 1;
				DYLIB_INSTALL_NAME_BASE = "@rpath";
				INFOPLIST_FILE = AudioPlayer/Info.plist;
				INSTALL_PATH = "$(LOCAL_LIBRARY_DIR)/Frameworks";
				IPHONEOS_DEPLOYMENT_TARGET = 10.0;
				LD_RUNPATH_SEARCH_PATHS = (
					"$(inherited)",
					"@executable_path/Frameworks",
					"@loader_path/Frameworks",
				);
				PRODUCT_BUNDLE_IDENTIFIER = com.jawziyya.AudioPlayer;
				PRODUCT_NAME = "$(TARGET_NAME:c99extidentifier)";
				SKIP_INSTALL = YES;
				SWIFT_VERSION = 5.0;
				TARGETED_DEVICE_FAMILY = "1,2";
				VERSIONING_SYSTEM = "apple-generic";
				VERSION_INFO_PREFIX = "";
			};
			name = Release;
		};
/* End XCBuildConfiguration section */

/* Begin XCConfigurationList section */
		6C1E5312243BB1360078F6FB /* Build configuration list for PBXProject "Azkar" */ = {
			isa = XCConfigurationList;
			buildConfigurations = (
				6C1E5329243BB1360078F6FB /* Debug */,
				6C1E532A243BB1360078F6FB /* Release */,
			);
			defaultConfigurationIsVisible = 0;
			defaultConfigurationName = Release;
		};
		6C1E532B243BB1360078F6FB /* Build configuration list for PBXNativeTarget "Azkar" */ = {
			isa = XCConfigurationList;
			buildConfigurations = (
				6C1E532C243BB1360078F6FB /* Debug */,
				6C1E532D243BB1360078F6FB /* Release */,
			);
			defaultConfigurationIsVisible = 0;
			defaultConfigurationName = Release;
		};
		6CE1729E243D128A007AC48B /* Build configuration list for PBXNativeTarget "AudioPlayer" */ = {
			isa = XCConfigurationList;
			buildConfigurations = (
				6CE1729F243D128A007AC48B /* Debug */,
				6CE172A0243D128A007AC48B /* Release */,
			);
			defaultConfigurationIsVisible = 0;
			defaultConfigurationName = Release;
		};
/* End XCConfigurationList section */

/* Begin XCRemoteSwiftPackageReference section */
		9D354F5A2441110900748368 /* XCRemoteSwiftPackageReference "ASCollectionView" */ = {
			isa = XCRemoteSwiftPackageReference;
			repositoryURL = "https://github.com/apptekstudios/ASCollectionView";
			requirement = {
				kind = upToNextMajorVersion;
				minimumVersion = 1.5.0;
			};
		};
		9D4DC09724703A4A0061B501 /* XCRemoteSwiftPackageReference "SwiftyMarkdown" */ = {
			isa = XCRemoteSwiftPackageReference;
			repositoryURL = "https://github.com/SimonFairbairn/SwiftyMarkdown";
			requirement = {
				kind = upToNextMajorVersion;
				minimumVersion = 1.2.1;
			};
		};
		9D6D1EC9245C18200060CDB5 /* XCRemoteSwiftPackageReference "BonMot" */ = {
			isa = XCRemoteSwiftPackageReference;
			repositoryURL = "https://github.com/Rightpoint/BonMot";
			requirement = {
				kind = upToNextMajorVersion;
				minimumVersion = 5.5.1;
			};
		};
/* End XCRemoteSwiftPackageReference section */

/* Begin XCSwiftPackageProductDependency section */
		9D354F5B2441110900748368 /* ASCollectionView */ = {
			isa = XCSwiftPackageProductDependency;
			package = 9D354F5A2441110900748368 /* XCRemoteSwiftPackageReference "ASCollectionView" */;
			productName = ASCollectionView;
		};
		9D4DC09824703A4A0061B501 /* SwiftyMarkdown */ = {
			isa = XCSwiftPackageProductDependency;
			package = 9D4DC09724703A4A0061B501 /* XCRemoteSwiftPackageReference "SwiftyMarkdown" */;
			productName = SwiftyMarkdown;
		};
		9D6D1ECA245C18200060CDB5 /* BonMot */ = {
			isa = XCSwiftPackageProductDependency;
			package = 9D6D1EC9245C18200060CDB5 /* XCRemoteSwiftPackageReference "BonMot" */;
			productName = BonMot;
		};
/* End XCSwiftPackageProductDependency section */
	};
	rootObject = 6C1E530F243BB1360078F6FB /* Project object */;
}
